
Microsoft Visual Studio Solution File, Format Version 12.00
# Visual Studio Version 17
VisualStudioVersion = 17.7.33913.275
MinimumVisualStudioVersion = 10.0.40219.1
Project("{FAE04EC0-301F-11D3-BF4B-00C04F79EFBC}") = "BlazorWpf2", "BlazorWpf2\BlazorWpf2.csproj", "{F8794E2A-D48E-4E86-BE0C-C38CB055DBB6}"
EndProject
Global
	GlobalSection(SolutionConfigurationPlatforms) = preSolution
		Debug|Any CPU = Debug|Any CPU
		Release|Any CPU = Release|Any CPU
	EndGlobalSection
	GlobalSection(ProjectConfigurationPlatforms) = postSolution
		{F8794E2A-D48E-4E86-BE0C-C38CB055DBB6}.Debug|Any CPU.ActiveCfg = Debug|Any CPU
		{F8794E2A-D48E-4E86-BE0C-C38CB055DBB6}.Debug|Any CPU.Build.0 = Debug|Any CPU
		{F8794E2A-D48E-4E86-BE0C-C38CB055DBB6}.Release|Any CPU.ActiveCfg = Release|Any CPU
		{F8794E2A-D48E-4E86-BE0C-C38CB055DBB6}.Release|Any CPU.Build.0 = Release|Any CPU
	EndGlobalSection
	GlobalSection(SolutionProperties) = preSolution
		HideSolutionNode = FALSE
	EndGlobalSection
	GlobalSection(ExtensibilityGlobals) = postSolution
		SolutionGuid = {E7D1A76B-31C2-4AEC-A556-FA14D852D629}
	EndGlobalSection
EndGlobal
