
Microsoft Visual Studio Solution File, Format Version 12.00
# Visual Studio Version 17
VisualStudioVersion = 17.8.34525.116
MinimumVisualStudioVersion = 10.0.40219.1
Project("{9A19103F-16F7-4668-BE54-9A1E7A4F7556}") = "Rhythm", "Rhythm\Rhythm.csproj", "{D2887DEE-AFE9-4875-95D4-9B5561C3D067}"
EndProject
Project("{9A19103F-16F7-4668-BE54-9A1E7A4F7556}") = "Rhythm.Core", "Rhythm.Core\Rhythm.Core.csproj", "{97AE9974-7D5F-40A3-9A68-760E8C33097C}"
EndProject
Project("{2150E333-8FDC-42A3-9474-1A3956D46DE8}") = "Solution Items", "Solution Items", "{DB2D6433-D3DC-4428-B4E5-2716B5FF5B44}"
	ProjectSection(SolutionItems) = preProject
		.editorconfig = .editorconfig
		.env = .env
		.gitignore = .gitignore
		.pre-commit-config.yaml = .pre-commit-config.yaml
		.vsconfig = .vsconfig
		LICENSE = LICENSE
		README.md = README.md
		Settings.XamlStyler = Settings.XamlStyler
	EndProjectSection
EndProject
Global
	GlobalSection(SolutionConfigurationPlatforms) = preSolution
		Debug|Any CPU = Debug|Any CPU
		Debug|arm64 = Debug|arm64
		Debug|x64 = Debug|x64
		Debug|x86 = Debug|x86
		Release|Any CPU = Release|Any CPU
		Release|arm64 = Release|arm64
		Release|x64 = Release|x64
		Release|x86 = Release|x86
	EndGlobalSection
	GlobalSection(ProjectConfigurationPlatforms) = postSolution
		{D2887DEE-AFE9-4875-95D4-9B5561C3D067}.Debug|Any CPU.ActiveCfg = Debug|x64
		{D2887DEE-AFE9-4875-95D4-9B5561C3D067}.Debug|Any CPU.Build.0 = Debug|x64
		{D2887DEE-AFE9-4875-95D4-9B5561C3D067}.Debug|Any CPU.Deploy.0 = Debug|x64
		{D2887DEE-AFE9-4875-95D4-9B5561C3D067}.Debug|arm64.ActiveCfg = Debug|arm64
		{D2887DEE-AFE9-4875-95D4-9B5561C3D067}.Debug|arm64.Build.0 = Debug|arm64
		{D2887DEE-AFE9-4875-95D4-9B5561C3D067}.Debug|arm64.Deploy.0 = Debug|arm64
		{D2887DEE-AFE9-4875-95D4-9B5561C3D067}.Debug|x64.ActiveCfg = Debug|x64
		{D2887DEE-AFE9-4875-95D4-9B5561C3D067}.Debug|x64.Build.0 = Debug|x64
		{D2887DEE-AFE9-4875-95D4-9B5561C3D067}.Debug|x64.Deploy.0 = Debug|x64
		{D2887DEE-AFE9-4875-95D4-9B5561C3D067}.Debug|x86.ActiveCfg = Debug|x86
		{D2887DEE-AFE9-4875-95D4-9B5561C3D067}.Debug|x86.Build.0 = Debug|x86
		{D2887DEE-AFE9-4875-95D4-9B5561C3D067}.Debug|x86.Deploy.0 = Debug|x86
		{D2887DEE-AFE9-4875-95D4-9B5561C3D067}.Release|Any CPU.ActiveCfg = Release|x64
		{D2887DEE-AFE9-4875-95D4-9B5561C3D067}.Release|Any CPU.Build.0 = Release|x64
		{D2887DEE-AFE9-4875-95D4-9B5561C3D067}.Release|Any CPU.Deploy.0 = Release|x64
		{D2887DEE-AFE9-4875-95D4-9B5561C3D067}.Release|arm64.ActiveCfg = Release|arm64
		{D2887DEE-AFE9-4875-95D4-9B5561C3D067}.Release|arm64.Build.0 = Release|arm64
		{D2887DEE-AFE9-4875-95D4-9B5561C3D067}.Release|arm64.Deploy.0 = Release|arm64
		{D2887DEE-AFE9-4875-95D4-9B5561C3D067}.Release|x64.ActiveCfg = Release|x64
		{D2887DEE-AFE9-4875-95D4-9B5561C3D067}.Release|x64.Build.0 = Release|x64
		{D2887DEE-AFE9-4875-95D4-9B5561C3D067}.Release|x64.Deploy.0 = Release|x64
		{D2887DEE-AFE9-4875-95D4-9B5561C3D067}.Release|x86.ActiveCfg = Release|x86
		{D2887DEE-AFE9-4875-95D4-9B5561C3D067}.Release|x86.Build.0 = Release|x86
		{D2887DEE-AFE9-4875-95D4-9B5561C3D067}.Release|x86.Deploy.0 = Release|x86
		{97AE9974-7D5F-40A3-9A68-760E8C33097C}.Debug|Any CPU.ActiveCfg = Debug|Any CPU
		{97AE9974-7D5F-40A3-9A68-760E8C33097C}.Debug|Any CPU.Build.0 = Debug|Any CPU
		{97AE9974-7D5F-40A3-9A68-760E8C33097C}.Debug|arm64.ActiveCfg = Debug|arm64
		{97AE9974-7D5F-40A3-9A68-760E8C33097C}.Debug|arm64.Build.0 = Debug|arm64
		{97AE9974-7D5F-40A3-9A68-760E8C33097C}.Debug|x64.ActiveCfg = Debug|x64
		{97AE9974-7D5F-40A3-9A68-760E8C33097C}.Debug|x64.Build.0 = Debug|x64
		{97AE9974-7D5F-40A3-9A68-760E8C33097C}.Debug|x86.ActiveCfg = Debug|x86
		{97AE9974-7D5F-40A3-9A68-760E8C33097C}.Debug|x86.Build.0 = Debug|x86
		{97AE9974-7D5F-40A3-9A68-760E8C33097C}.Release|Any CPU.ActiveCfg = Release|Any CPU
		{97AE9974-7D5F-40A3-9A68-760E8C33097C}.Release|Any CPU.Build.0 = Release|Any CPU
		{97AE9974-7D5F-40A3-9A68-760E8C33097C}.Release|arm64.ActiveCfg = Release|arm64
		{97AE9974-7D5F-40A3-9A68-760E8C33097C}.Release|arm64.Build.0 = Release|arm64
		{97AE9974-7D5F-40A3-9A68-760E8C33097C}.Release|x64.ActiveCfg = Release|x64
		{97AE9974-7D5F-40A3-9A68-760E8C33097C}.Release|x64.Build.0 = Release|x64
		{97AE9974-7D5F-40A3-9A68-760E8C33097C}.Release|x86.ActiveCfg = Release|x86
		{97AE9974-7D5F-40A3-9A68-760E8C33097C}.Release|x86.Build.0 = Release|x86
	EndGlobalSection
	GlobalSection(SolutionProperties) = preSolution
		HideSolutionNode = FALSE
	EndGlobalSection
	GlobalSection(ExtensibilityGlobals) = postSolution
		SolutionGuid = {AD79F4E6-6EE6-4A3A-906B-4900E71DC90E}
	EndGlobalSection
EndGlobal
