
Microsoft Visual Studio Solution File, Format Version 12.00
# Visual Studio Version 17
VisualStudioVersion = 17.7.33808.371
MinimumVisualStudioVersion = 10.0.40219.1
Project("{2150E333-8FDC-42A3-9474-1A3956D46DE8}") = "Solution Items", "Solution Items", "{3943FC00-5155-481C-ABD2-2F1E094589A0}"
	ProjectSection(SolutionItems) = preProject
		..\.editorconfig = ..\.editorconfig
		..\global.json = ..\global.json
	EndProjectSection
EndProject
Project("{2150E333-8FDC-42A3-9474-1A3956D46DE8}") = "Engine", "Engine", "{5B4A4BA0-D823-4720-8C8C-10E5ECBB4474}"
EndProject
Project("{2150E333-8FDC-42A3-9474-1A3956D46DE8}") = "Live", "Live", "{04361DC9-3E9F-481A-9489-068DE8688332}"
EndProject
Project("{2150E333-8FDC-42A3-9474-1A3956D46DE8}") = "Launcher", "Launcher", "{02D54F9E-8518-40C9-B2CD-2A4F8CA339A3}"
EndProject
Project("{2150E333-8FDC-42A3-9474-1A3956D46DE8}") = "gRPC", "gRPC", "{E597A504-C449-4C3C-941E-F84DBA4A740C}"
EndProject
Project("{2150E333-8FDC-42A3-9474-1A3956D46DE8}") = "Shared", "Shared", "{232CD10B-4CA0-403C-B469-82A002F7C130}"
EndProject
Project("{2150E333-8FDC-42A3-9474-1A3956D46DE8}") = "Library", "Library", "{1DD66D11-65BD-40CB-BF05-4E7951DDFED3}"
EndProject
Project("{2150E333-8FDC-42A3-9474-1A3956D46DE8}") = "Project", "Project", "{E9FDFBCD-9AC8-4C03-8E94-17B50D0AD090}"
EndProject
Project("{9A19103F-16F7-4668-BE54-9A1E7A4F7556}") = "Sucrose.Globalization", "Library\Sucrose.Globalization\Sucrose.Globalization.csproj", "{C8793239-8C88-4F07-8B06-A2C0D15A67BC}"
EndProject
Project("{9A19103F-16F7-4668-BE54-9A1E7A4F7556}") = "Sucrose.Manager", "Library\Sucrose.Manager\Sucrose.Manager.csproj", "{576461E5-32D7-461C-9C70-11B9C5182E34}"
EndProject
Project("{9A19103F-16F7-4668-BE54-9A1E7A4F7556}") = "Sucrose.Memory", "Library\Sucrose.Memory\Sucrose.Memory.csproj", "{F68F78A4-2FAF-4EB1-8B67-FDF86CB7B59A}"
EndProject
Project("{9A19103F-16F7-4668-BE54-9A1E7A4F7556}") = "Sucrose.Live.CS", "Live\Sucrose.Live.CS\Sucrose.Live.CS.csproj", "{2F85908F-6390-479B-88B7-2FAD244091DB}"
EndProject
Project("{9A19103F-16F7-4668-BE54-9A1E7A4F7556}") = "Sucrose.Live.WV", "Live\Sucrose.Live.WV\Sucrose.Live.WV.csproj", "{B2911E84-F01B-41A3-B92B-491AA8B7BE78}"
EndProject
Project("{D954291E-2A0B-460D-934E-DC6B0785DB48}") = "Sucrose.Engine.CS", "Shared\Engine\Sucrose.Engine.CS\Sucrose.Engine.CS.shproj", "{C3F88A4A-B2FA-49BD-8FA8-D58ECCA09FF7}"
EndProject
Project("{D954291E-2A0B-460D-934E-DC6B0785DB48}") = "Sucrose.Engine.Shared", "Shared\Engine\Sucrose.Engine.Shared\Sucrose.Engine.Shared.shproj", "{9470698B-1D6A-4302-BE6D-F0D07FC69EA5}"
EndProject
Project("{D954291E-2A0B-460D-934E-DC6B0785DB48}") = "Sucrose.Engine.WV", "Shared\Engine\Sucrose.Engine.WV\Sucrose.Engine.WV.shproj", "{EA173B89-9D19-4724-A6BC-F219FABBF302}"
EndProject
Project("{D954291E-2A0B-460D-934E-DC6B0785DB48}") = "Sucrose.Space", "Shared\Sucrose.Space\Sucrose.Space.shproj", "{3B13E30A-F789-484A-BC78-534EEC688625}"
EndProject
Project("{D954291E-2A0B-460D-934E-DC6B0785DB48}") = "Sucrose.Watchdog", "Shared\Sucrose.Watchdog\Sucrose.Watchdog.shproj", "{FC456E42-E6B9-40E5-807B-8F75EF203AF4}"
EndProject
Project("{9A19103F-16F7-4668-BE54-9A1E7A4F7556}") = "Sucrose.Commandog", "Project\Sucrose.Commandog\Sucrose.Commandog.csproj", "{22011896-0652-4D71-BEDA-3EC200D4ED8B}"
EndProject
Project("{9A19103F-16F7-4668-BE54-9A1E7A4F7556}") = "Sucrose.Test", "Project\Sucrose.Test\Sucrose.Test.csproj", "{2F2FD603-7A1E-498F-896B-06B1C6CD4556}"
EndProject
Project("{9A19103F-16F7-4668-BE54-9A1E7A4F7556}") = "Sucrose.WPF.CS", "Project\Sucrose.WPF.CS\Sucrose.WPF.CS.csproj", "{B7E4127D-30FE-4284-9B15-E74B7D09390B}"
EndProject
Project("{9A19103F-16F7-4668-BE54-9A1E7A4F7556}") = "Sucrose.Grpc", "gRPC\Sucrose.Grpc\Sucrose.Grpc.csproj", "{340F2EDD-E01F-4B7C-B0A1-5A4BEF814534}"
EndProject
Project("{9A19103F-16F7-4668-BE54-9A1E7A4F7556}") = "Sucrose.Grpc.Client", "gRPC\Sucrose.Grpc.Client\Sucrose.Grpc.Client.csproj", "{0E65C7D5-CCEA-43F6-8FCD-7BA4582353BF}"
EndProject
Project("{9A19103F-16F7-4668-BE54-9A1E7A4F7556}") = "Sucrose.Grpc.Common", "gRPC\Sucrose.Grpc.Common\Sucrose.Grpc.Common.csproj", "{11190493-676A-4ACC-BB29-99800FE8AC8F}"
EndProject
Project("{D954291E-2A0B-460D-934E-DC6B0785DB48}") = "Sucrose.Engine.NA", "Shared\Engine\Sucrose.Engine.NA\Sucrose.Engine.NA.shproj", "{337FA919-25A4-4356-9C61-CD657675CB72}"
EndProject
Project("{9A19103F-16F7-4668-BE54-9A1E7A4F7556}") = "Sucrose.Live.NA", "Live\Sucrose.Live.NA\Sucrose.Live.NA.csproj", "{319CBE9B-87D8-4633-AAF9-A40A5CD34555}"
EndProject
Project("{D954291E-2A0B-460D-934E-DC6B0785DB48}") = "Sucrose.Engine.VA", "Shared\Engine\Sucrose.Engine.VA\Sucrose.Engine.VA.shproj", "{02C20F6F-926E-48BD-98E9-9325C607DA7A}"
EndProject
Project("{9A19103F-16F7-4668-BE54-9A1E7A4F7556}") = "Sucrose.Live.VA", "Live\Sucrose.Live.VA\Sucrose.Live.VA.csproj", "{DCEF99BB-8AD2-4858-8544-85BFDBDF3027}"
EndProject
Project("{D954291E-2A0B-460D-934E-DC6B0785DB48}") = "Sucrose.Engine.AA", "Shared\Engine\Sucrose.Engine.AA\Sucrose.Engine.AA.shproj", "{3B1EC692-D1BF-4016-BB68-3EE2FC60FA65}"
EndProject
Project("{9A19103F-16F7-4668-BE54-9A1E7A4F7556}") = "Sucrose.Live.AA", "Live\Sucrose.Live.AA\Sucrose.Live.AA.csproj", "{D9F61FE5-A129-4CE4-8018-326EB958167A}"
EndProject
Project("{D954291E-2A0B-460D-934E-DC6B0785DB48}") = "Sucrose.Shared.Launcher", "Shared\Sucrose.Shared.Launcher\Sucrose.Shared.Launcher.shproj", "{8A0AB1F0-443D-4815-AA0A-D5B700D54827}"
EndProject
Project("{9A19103F-16F7-4668-BE54-9A1E7A4F7556}") = "Sucrose.Launcher", "Launcher\Sucrose.Launcher\Sucrose.Launcher.csproj", "{F6308570-6FD5-4419-A396-4949C2F642F6}"
EndProject
Project("{2150E333-8FDC-42A3-9474-1A3956D46DE8}") = "Portal", "Portal", "{A98F348B-49A9-43CB-924A-9F0A40CA88B2}"
EndProject
Project("{9A19103F-16F7-4668-BE54-9A1E7A4F7556}") = "AvaloniaApplication1.Desktop", "Portal\AvaloniaApplication1.Desktop\AvaloniaApplication1.Desktop.csproj", "{47A21AFE-4858-4E47-A589-0AEB6B32FA20}"
EndProject
Project("{9A19103F-16F7-4668-BE54-9A1E7A4F7556}") = "AvaloniaApplication1", "Portal\AvaloniaApplication1\AvaloniaApplication1.csproj", "{9B662FC5-6C96-4920-AB7A-621D57D80D88}"
EndProject
Project("{9A19103F-16F7-4668-BE54-9A1E7A4F7556}") = "BlankApp1", "Portal\BlankApp1\BlankApp1.csproj", "{98D684AA-325B-47BC-BE3F-7B42F895EF2D}"
EndProject
Project("{9A19103F-16F7-4668-BE54-9A1E7A4F7556}") = "BlazorWpf1", "Portal\BlazorWpf1\BlazorWpf1.csproj", "{CD29A101-5546-46B4-9FA1-AB796FE75192}"
EndProject
Project("{9A19103F-16F7-4668-BE54-9A1E7A4F7556}") = "HandyControlProject1", "Portal\HandyControlProject1\HandyControlProject1.csproj", "{6437D950-09EB-45F5-94EA-0D65E4F2C8BE}"
EndProject
Project("{9A19103F-16F7-4668-BE54-9A1E7A4F7556}") = "HandyControlProject2", "Portal\HandyControlProject2\HandyControlProject2.csproj", "{590F17B8-E462-4ABA-B6BF-288CC2336850}"
EndProject
Project("{9A19103F-16F7-4668-BE54-9A1E7A4F7556}") = "HandyControlProject3", "Portal\HandyControlProject3\HandyControlProject3.csproj", "{83689BFD-C476-4853-9B90-A05D04932316}"
EndProject
Project("{9A19103F-16F7-4668-BE54-9A1E7A4F7556}") = "UiDesktopApp1", "Portal\UiDesktopApp1\UiDesktopApp1.csproj", "{9C8A231C-DDB9-4D5D-8A8B-F9AAE989B063}"
EndProject
Project("{9A19103F-16F7-4668-BE54-9A1E7A4F7556}") = "UiDesktopApp2", "Portal\UiDesktopApp2\UiDesktopApp2.csproj", "{1281296D-5686-45CF-94D6-89CB3D7B24FC}"
EndProject
Project("{9A19103F-16F7-4668-BE54-9A1E7A4F7556}") = "UiDesktopApp3", "Portal\UiDesktopApp3\UiDesktopApp3.csproj", "{0A9478DB-50FC-4CA3-962B-0FEBBB2ACBFA}"
EndProject
Project("{9A19103F-16F7-4668-BE54-9A1E7A4F7556}") = "Sucrose.Portal", "Portal\Sucrose.Portal\Sucrose.Portal.csproj", "{BDC71D9E-A243-44E0-BDF7-0CEC5B184B9B}"
EndProject
Project("{D954291E-2A0B-460D-934E-DC6B0785DB48}") = "Sucrose.Shared.Theme", "Shared\Sucrose.Shared.Theme\Sucrose.Shared.Theme.shproj", "{3F10435E-C82E-4480-895A-FCFF79025276}"
EndProject
Project("{D954291E-2A0B-460D-934E-DC6B0785DB48}") = "Sucrose.Shared.Discord", "Shared\Sucrose.Shared.Discord\Sucrose.Shared.Discord.shproj", "{55D4E156-3828-40A7-BB35-0377F917455B}"
EndProject
Project("{D954291E-2A0B-460D-934E-DC6B0785DB48}") = "Sucrose.Shared.Resources", "Shared\Sucrose.Shared.Resources\Sucrose.Shared.Resources.shproj", "{91BA7265-E2AB-4C03-B772-DC1EBC87DC27}"
EndProject
Project("{D954291E-2A0B-460D-934E-DC6B0785DB48}") = "Sucrose.Shared.Common", "Shared\Sucrose.Shared.Common\Sucrose.Shared.Common.shproj", "{8A29863A-0FB5-49CF-BCC2-0DDA25CE239F}"
EndProject
Project("{D954291E-2A0B-460D-934E-DC6B0785DB48}") = "Sucrose.Shared.Dependency", "Shared\Sucrose.Shared.Dependency\Sucrose.Shared.Dependency.shproj", "{7CE7D113-5A37-436B-85FB-9961C9595976}"
EndProject
Global
	GlobalSection(SolutionConfigurationPlatforms) = preSolution
		Debug|Any CPU = Debug|Any CPU
		Debug|ARM64 = Debug|ARM64
		Debug|x64 = Debug|x64
		Debug|x86 = Debug|x86
		Release|Any CPU = Release|Any CPU
		Release|ARM64 = Release|ARM64
		Release|x64 = Release|x64
		Release|x86 = Release|x86
	EndGlobalSection
	GlobalSection(ProjectConfigurationPlatforms) = postSolution
		{C8793239-8C88-4F07-8B06-A2C0D15A67BC}.Debug|Any CPU.ActiveCfg = Debug|Any CPU
		{C8793239-8C88-4F07-8B06-A2C0D15A67BC}.Debug|Any CPU.Build.0 = Debug|Any CPU
		{C8793239-8C88-4F07-8B06-A2C0D15A67BC}.Debug|ARM64.ActiveCfg = Debug|Any CPU
		{C8793239-8C88-4F07-8B06-A2C0D15A67BC}.Debug|ARM64.Build.0 = Debug|Any CPU
		{C8793239-8C88-4F07-8B06-A2C0D15A67BC}.Debug|x64.ActiveCfg = Debug|Any CPU
		{C8793239-8C88-4F07-8B06-A2C0D15A67BC}.Debug|x64.Build.0 = Debug|Any CPU
		{C8793239-8C88-4F07-8B06-A2C0D15A67BC}.Debug|x86.ActiveCfg = Debug|Any CPU
		{C8793239-8C88-4F07-8B06-A2C0D15A67BC}.Debug|x86.Build.0 = Debug|Any CPU
		{C8793239-8C88-4F07-8B06-A2C0D15A67BC}.Release|Any CPU.ActiveCfg = Release|Any CPU
		{C8793239-8C88-4F07-8B06-A2C0D15A67BC}.Release|Any CPU.Build.0 = Release|Any CPU
		{C8793239-8C88-4F07-8B06-A2C0D15A67BC}.Release|ARM64.ActiveCfg = Release|Any CPU
		{C8793239-8C88-4F07-8B06-A2C0D15A67BC}.Release|ARM64.Build.0 = Release|Any CPU
		{C8793239-8C88-4F07-8B06-A2C0D15A67BC}.Release|x64.ActiveCfg = Release|Any CPU
		{C8793239-8C88-4F07-8B06-A2C0D15A67BC}.Release|x64.Build.0 = Release|Any CPU
		{C8793239-8C88-4F07-8B06-A2C0D15A67BC}.Release|x86.ActiveCfg = Release|Any CPU
		{C8793239-8C88-4F07-8B06-A2C0D15A67BC}.Release|x86.Build.0 = Release|Any CPU
		{576461E5-32D7-461C-9C70-11B9C5182E34}.Debug|Any CPU.ActiveCfg = Debug|Any CPU
		{576461E5-32D7-461C-9C70-11B9C5182E34}.Debug|Any CPU.Build.0 = Debug|Any CPU
		{576461E5-32D7-461C-9C70-11B9C5182E34}.Debug|ARM64.ActiveCfg = Debug|Any CPU
		{576461E5-32D7-461C-9C70-11B9C5182E34}.Debug|ARM64.Build.0 = Debug|Any CPU
		{576461E5-32D7-461C-9C70-11B9C5182E34}.Debug|x64.ActiveCfg = Debug|Any CPU
		{576461E5-32D7-461C-9C70-11B9C5182E34}.Debug|x64.Build.0 = Debug|Any CPU
		{576461E5-32D7-461C-9C70-11B9C5182E34}.Debug|x86.ActiveCfg = Debug|Any CPU
		{576461E5-32D7-461C-9C70-11B9C5182E34}.Debug|x86.Build.0 = Debug|Any CPU
		{576461E5-32D7-461C-9C70-11B9C5182E34}.Release|Any CPU.ActiveCfg = Release|Any CPU
		{576461E5-32D7-461C-9C70-11B9C5182E34}.Release|Any CPU.Build.0 = Release|Any CPU
		{576461E5-32D7-461C-9C70-11B9C5182E34}.Release|ARM64.ActiveCfg = Release|Any CPU
		{576461E5-32D7-461C-9C70-11B9C5182E34}.Release|ARM64.Build.0 = Release|Any CPU
		{576461E5-32D7-461C-9C70-11B9C5182E34}.Release|x64.ActiveCfg = Release|Any CPU
		{576461E5-32D7-461C-9C70-11B9C5182E34}.Release|x64.Build.0 = Release|Any CPU
		{576461E5-32D7-461C-9C70-11B9C5182E34}.Release|x86.ActiveCfg = Release|Any CPU
		{576461E5-32D7-461C-9C70-11B9C5182E34}.Release|x86.Build.0 = Release|Any CPU
		{F68F78A4-2FAF-4EB1-8B67-FDF86CB7B59A}.Debug|Any CPU.ActiveCfg = Debug|Any CPU
		{F68F78A4-2FAF-4EB1-8B67-FDF86CB7B59A}.Debug|Any CPU.Build.0 = Debug|Any CPU
		{F68F78A4-2FAF-4EB1-8B67-FDF86CB7B59A}.Debug|ARM64.ActiveCfg = Debug|Any CPU
		{F68F78A4-2FAF-4EB1-8B67-FDF86CB7B59A}.Debug|ARM64.Build.0 = Debug|Any CPU
		{F68F78A4-2FAF-4EB1-8B67-FDF86CB7B59A}.Debug|x64.ActiveCfg = Debug|Any CPU
		{F68F78A4-2FAF-4EB1-8B67-FDF86CB7B59A}.Debug|x64.Build.0 = Debug|Any CPU
		{F68F78A4-2FAF-4EB1-8B67-FDF86CB7B59A}.Debug|x86.ActiveCfg = Debug|Any CPU
		{F68F78A4-2FAF-4EB1-8B67-FDF86CB7B59A}.Debug|x86.Build.0 = Debug|Any CPU
		{F68F78A4-2FAF-4EB1-8B67-FDF86CB7B59A}.Release|Any CPU.ActiveCfg = Release|Any CPU
		{F68F78A4-2FAF-4EB1-8B67-FDF86CB7B59A}.Release|Any CPU.Build.0 = Release|Any CPU
		{F68F78A4-2FAF-4EB1-8B67-FDF86CB7B59A}.Release|ARM64.ActiveCfg = Release|Any CPU
		{F68F78A4-2FAF-4EB1-8B67-FDF86CB7B59A}.Release|ARM64.Build.0 = Release|Any CPU
		{F68F78A4-2FAF-4EB1-8B67-FDF86CB7B59A}.Release|x64.ActiveCfg = Release|Any CPU
		{F68F78A4-2FAF-4EB1-8B67-FDF86CB7B59A}.Release|x64.Build.0 = Release|Any CPU
		{F68F78A4-2FAF-4EB1-8B67-FDF86CB7B59A}.Release|x86.ActiveCfg = Release|Any CPU
		{F68F78A4-2FAF-4EB1-8B67-FDF86CB7B59A}.Release|x86.Build.0 = Release|Any CPU
		{2F85908F-6390-479B-88B7-2FAD244091DB}.Debug|Any CPU.ActiveCfg = Debug|Any CPU
		{2F85908F-6390-479B-88B7-2FAD244091DB}.Debug|Any CPU.Build.0 = Debug|Any CPU
		{2F85908F-6390-479B-88B7-2FAD244091DB}.Debug|ARM64.ActiveCfg = Debug|ARM64
		{2F85908F-6390-479B-88B7-2FAD244091DB}.Debug|ARM64.Build.0 = Debug|ARM64
		{2F85908F-6390-479B-88B7-2FAD244091DB}.Debug|x64.ActiveCfg = Debug|x64
		{2F85908F-6390-479B-88B7-2FAD244091DB}.Debug|x64.Build.0 = Debug|x64
		{2F85908F-6390-479B-88B7-2FAD244091DB}.Debug|x86.ActiveCfg = Debug|x86
		{2F85908F-6390-479B-88B7-2FAD244091DB}.Debug|x86.Build.0 = Debug|x86
		{2F85908F-6390-479B-88B7-2FAD244091DB}.Release|Any CPU.ActiveCfg = Release|Any CPU
		{2F85908F-6390-479B-88B7-2FAD244091DB}.Release|Any CPU.Build.0 = Release|Any CPU
		{2F85908F-6390-479B-88B7-2FAD244091DB}.Release|ARM64.ActiveCfg = Release|ARM64
		{2F85908F-6390-479B-88B7-2FAD244091DB}.Release|ARM64.Build.0 = Release|ARM64
		{2F85908F-6390-479B-88B7-2FAD244091DB}.Release|x64.ActiveCfg = Release|x64
		{2F85908F-6390-479B-88B7-2FAD244091DB}.Release|x64.Build.0 = Release|x64
		{2F85908F-6390-479B-88B7-2FAD244091DB}.Release|x86.ActiveCfg = Release|x86
		{2F85908F-6390-479B-88B7-2FAD244091DB}.Release|x86.Build.0 = Release|x86
		{B2911E84-F01B-41A3-B92B-491AA8B7BE78}.Debug|Any CPU.ActiveCfg = Debug|Any CPU
		{B2911E84-F01B-41A3-B92B-491AA8B7BE78}.Debug|Any CPU.Build.0 = Debug|Any CPU
		{B2911E84-F01B-41A3-B92B-491AA8B7BE78}.Debug|ARM64.ActiveCfg = Debug|ARM64
		{B2911E84-F01B-41A3-B92B-491AA8B7BE78}.Debug|ARM64.Build.0 = Debug|ARM64
		{B2911E84-F01B-41A3-B92B-491AA8B7BE78}.Debug|x64.ActiveCfg = Debug|x64
		{B2911E84-F01B-41A3-B92B-491AA8B7BE78}.Debug|x64.Build.0 = Debug|x64
		{B2911E84-F01B-41A3-B92B-491AA8B7BE78}.Debug|x86.ActiveCfg = Debug|x86
		{B2911E84-F01B-41A3-B92B-491AA8B7BE78}.Debug|x86.Build.0 = Debug|x86
		{B2911E84-F01B-41A3-B92B-491AA8B7BE78}.Release|Any CPU.ActiveCfg = Release|Any CPU
		{B2911E84-F01B-41A3-B92B-491AA8B7BE78}.Release|Any CPU.Build.0 = Release|Any CPU
		{B2911E84-F01B-41A3-B92B-491AA8B7BE78}.Release|ARM64.ActiveCfg = Release|ARM64
		{B2911E84-F01B-41A3-B92B-491AA8B7BE78}.Release|ARM64.Build.0 = Release|ARM64
		{B2911E84-F01B-41A3-B92B-491AA8B7BE78}.Release|x64.ActiveCfg = Release|x64
		{B2911E84-F01B-41A3-B92B-491AA8B7BE78}.Release|x64.Build.0 = Release|x64
		{B2911E84-F01B-41A3-B92B-491AA8B7BE78}.Release|x86.ActiveCfg = Release|x86
		{B2911E84-F01B-41A3-B92B-491AA8B7BE78}.Release|x86.Build.0 = Release|x86
		{22011896-0652-4D71-BEDA-3EC200D4ED8B}.Debug|Any CPU.ActiveCfg = Debug|Any CPU
		{22011896-0652-4D71-BEDA-3EC200D4ED8B}.Debug|Any CPU.Build.0 = Debug|Any CPU
		{22011896-0652-4D71-BEDA-3EC200D4ED8B}.Debug|ARM64.ActiveCfg = Debug|ARM64
		{22011896-0652-4D71-BEDA-3EC200D4ED8B}.Debug|ARM64.Build.0 = Debug|ARM64
		{22011896-0652-4D71-BEDA-3EC200D4ED8B}.Debug|x64.ActiveCfg = Debug|x64
		{22011896-0652-4D71-BEDA-3EC200D4ED8B}.Debug|x64.Build.0 = Debug|x64
		{22011896-0652-4D71-BEDA-3EC200D4ED8B}.Debug|x86.ActiveCfg = Debug|x86
		{22011896-0652-4D71-BEDA-3EC200D4ED8B}.Debug|x86.Build.0 = Debug|x86
		{22011896-0652-4D71-BEDA-3EC200D4ED8B}.Release|Any CPU.ActiveCfg = Release|Any CPU
		{22011896-0652-4D71-BEDA-3EC200D4ED8B}.Release|Any CPU.Build.0 = Release|Any CPU
		{22011896-0652-4D71-BEDA-3EC200D4ED8B}.Release|ARM64.ActiveCfg = Release|ARM64
		{22011896-0652-4D71-BEDA-3EC200D4ED8B}.Release|ARM64.Build.0 = Release|ARM64
		{22011896-0652-4D71-BEDA-3EC200D4ED8B}.Release|x64.ActiveCfg = Release|x64
		{22011896-0652-4D71-BEDA-3EC200D4ED8B}.Release|x64.Build.0 = Release|x64
		{22011896-0652-4D71-BEDA-3EC200D4ED8B}.Release|x86.ActiveCfg = Release|x86
		{22011896-0652-4D71-BEDA-3EC200D4ED8B}.Release|x86.Build.0 = Release|x86
		{2F2FD603-7A1E-498F-896B-06B1C6CD4556}.Debug|Any CPU.ActiveCfg = Debug|Any CPU
		{2F2FD603-7A1E-498F-896B-06B1C6CD4556}.Debug|Any CPU.Build.0 = Debug|Any CPU
		{2F2FD603-7A1E-498F-896B-06B1C6CD4556}.Debug|ARM64.ActiveCfg = Debug|Any CPU
		{2F2FD603-7A1E-498F-896B-06B1C6CD4556}.Debug|ARM64.Build.0 = Debug|Any CPU
		{2F2FD603-7A1E-498F-896B-06B1C6CD4556}.Debug|x64.ActiveCfg = Debug|Any CPU
		{2F2FD603-7A1E-498F-896B-06B1C6CD4556}.Debug|x64.Build.0 = Debug|Any CPU
		{2F2FD603-7A1E-498F-896B-06B1C6CD4556}.Debug|x86.ActiveCfg = Debug|Any CPU
		{2F2FD603-7A1E-498F-896B-06B1C6CD4556}.Debug|x86.Build.0 = Debug|Any CPU
		{2F2FD603-7A1E-498F-896B-06B1C6CD4556}.Release|Any CPU.ActiveCfg = Release|Any CPU
		{2F2FD603-7A1E-498F-896B-06B1C6CD4556}.Release|Any CPU.Build.0 = Release|Any CPU
		{2F2FD603-7A1E-498F-896B-06B1C6CD4556}.Release|ARM64.ActiveCfg = Release|Any CPU
		{2F2FD603-7A1E-498F-896B-06B1C6CD4556}.Release|ARM64.Build.0 = Release|Any CPU
		{2F2FD603-7A1E-498F-896B-06B1C6CD4556}.Release|x64.ActiveCfg = Release|Any CPU
		{2F2FD603-7A1E-498F-896B-06B1C6CD4556}.Release|x64.Build.0 = Release|Any CPU
		{2F2FD603-7A1E-498F-896B-06B1C6CD4556}.Release|x86.ActiveCfg = Release|Any CPU
		{2F2FD603-7A1E-498F-896B-06B1C6CD4556}.Release|x86.Build.0 = Release|Any CPU
		{B7E4127D-30FE-4284-9B15-E74B7D09390B}.Debug|Any CPU.ActiveCfg = Debug|Any CPU
		{B7E4127D-30FE-4284-9B15-E74B7D09390B}.Debug|Any CPU.Build.0 = Debug|Any CPU
		{B7E4127D-30FE-4284-9B15-E74B7D09390B}.Debug|ARM64.ActiveCfg = Debug|ARM64
		{B7E4127D-30FE-4284-9B15-E74B7D09390B}.Debug|ARM64.Build.0 = Debug|ARM64
		{B7E4127D-30FE-4284-9B15-E74B7D09390B}.Debug|x64.ActiveCfg = Debug|x64
		{B7E4127D-30FE-4284-9B15-E74B7D09390B}.Debug|x64.Build.0 = Debug|x64
		{B7E4127D-30FE-4284-9B15-E74B7D09390B}.Debug|x86.ActiveCfg = Debug|x86
		{B7E4127D-30FE-4284-9B15-E74B7D09390B}.Debug|x86.Build.0 = Debug|x86
		{B7E4127D-30FE-4284-9B15-E74B7D09390B}.Release|Any CPU.ActiveCfg = Release|Any CPU
		{B7E4127D-30FE-4284-9B15-E74B7D09390B}.Release|Any CPU.Build.0 = Release|Any CPU
		{B7E4127D-30FE-4284-9B15-E74B7D09390B}.Release|ARM64.ActiveCfg = Release|ARM64
		{B7E4127D-30FE-4284-9B15-E74B7D09390B}.Release|ARM64.Build.0 = Release|ARM64
		{B7E4127D-30FE-4284-9B15-E74B7D09390B}.Release|x64.ActiveCfg = Release|x64
		{B7E4127D-30FE-4284-9B15-E74B7D09390B}.Release|x64.Build.0 = Release|x64
		{B7E4127D-30FE-4284-9B15-E74B7D09390B}.Release|x86.ActiveCfg = Release|x86
		{B7E4127D-30FE-4284-9B15-E74B7D09390B}.Release|x86.Build.0 = Release|x86
		{340F2EDD-E01F-4B7C-B0A1-5A4BEF814534}.Debug|Any CPU.ActiveCfg = Debug|Any CPU
		{340F2EDD-E01F-4B7C-B0A1-5A4BEF814534}.Debug|Any CPU.Build.0 = Debug|Any CPU
		{340F2EDD-E01F-4B7C-B0A1-5A4BEF814534}.Debug|ARM64.ActiveCfg = Debug|Any CPU
		{340F2EDD-E01F-4B7C-B0A1-5A4BEF814534}.Debug|ARM64.Build.0 = Debug|Any CPU
		{340F2EDD-E01F-4B7C-B0A1-5A4BEF814534}.Debug|x64.ActiveCfg = Debug|Any CPU
		{340F2EDD-E01F-4B7C-B0A1-5A4BEF814534}.Debug|x64.Build.0 = Debug|Any CPU
		{340F2EDD-E01F-4B7C-B0A1-5A4BEF814534}.Debug|x86.ActiveCfg = Debug|Any CPU
		{340F2EDD-E01F-4B7C-B0A1-5A4BEF814534}.Debug|x86.Build.0 = Debug|Any CPU
		{340F2EDD-E01F-4B7C-B0A1-5A4BEF814534}.Release|Any CPU.ActiveCfg = Release|Any CPU
		{340F2EDD-E01F-4B7C-B0A1-5A4BEF814534}.Release|Any CPU.Build.0 = Release|Any CPU
		{340F2EDD-E01F-4B7C-B0A1-5A4BEF814534}.Release|ARM64.ActiveCfg = Release|Any CPU
		{340F2EDD-E01F-4B7C-B0A1-5A4BEF814534}.Release|ARM64.Build.0 = Release|Any CPU
		{340F2EDD-E01F-4B7C-B0A1-5A4BEF814534}.Release|x64.ActiveCfg = Release|Any CPU
		{340F2EDD-E01F-4B7C-B0A1-5A4BEF814534}.Release|x64.Build.0 = Release|Any CPU
		{340F2EDD-E01F-4B7C-B0A1-5A4BEF814534}.Release|x86.ActiveCfg = Release|Any CPU
		{340F2EDD-E01F-4B7C-B0A1-5A4BEF814534}.Release|x86.Build.0 = Release|Any CPU
		{0E65C7D5-CCEA-43F6-8FCD-7BA4582353BF}.Debug|Any CPU.ActiveCfg = Debug|Any CPU
		{0E65C7D5-CCEA-43F6-8FCD-7BA4582353BF}.Debug|Any CPU.Build.0 = Debug|Any CPU
		{0E65C7D5-CCEA-43F6-8FCD-7BA4582353BF}.Debug|ARM64.ActiveCfg = Debug|Any CPU
		{0E65C7D5-CCEA-43F6-8FCD-7BA4582353BF}.Debug|ARM64.Build.0 = Debug|Any CPU
		{0E65C7D5-CCEA-43F6-8FCD-7BA4582353BF}.Debug|x64.ActiveCfg = Debug|Any CPU
		{0E65C7D5-CCEA-43F6-8FCD-7BA4582353BF}.Debug|x64.Build.0 = Debug|Any CPU
		{0E65C7D5-CCEA-43F6-8FCD-7BA4582353BF}.Debug|x86.ActiveCfg = Debug|Any CPU
		{0E65C7D5-CCEA-43F6-8FCD-7BA4582353BF}.Debug|x86.Build.0 = Debug|Any CPU
		{0E65C7D5-CCEA-43F6-8FCD-7BA4582353BF}.Release|Any CPU.ActiveCfg = Release|Any CPU
		{0E65C7D5-CCEA-43F6-8FCD-7BA4582353BF}.Release|Any CPU.Build.0 = Release|Any CPU
		{0E65C7D5-CCEA-43F6-8FCD-7BA4582353BF}.Release|ARM64.ActiveCfg = Release|Any CPU
		{0E65C7D5-CCEA-43F6-8FCD-7BA4582353BF}.Release|ARM64.Build.0 = Release|Any CPU
		{0E65C7D5-CCEA-43F6-8FCD-7BA4582353BF}.Release|x64.ActiveCfg = Release|Any CPU
		{0E65C7D5-CCEA-43F6-8FCD-7BA4582353BF}.Release|x64.Build.0 = Release|Any CPU
		{0E65C7D5-CCEA-43F6-8FCD-7BA4582353BF}.Release|x86.ActiveCfg = Release|Any CPU
		{0E65C7D5-CCEA-43F6-8FCD-7BA4582353BF}.Release|x86.Build.0 = Release|Any CPU
		{11190493-676A-4ACC-BB29-99800FE8AC8F}.Debug|Any CPU.ActiveCfg = Debug|Any CPU
		{11190493-676A-4ACC-BB29-99800FE8AC8F}.Debug|Any CPU.Build.0 = Debug|Any CPU
		{11190493-676A-4ACC-BB29-99800FE8AC8F}.Debug|ARM64.ActiveCfg = Debug|Any CPU
		{11190493-676A-4ACC-BB29-99800FE8AC8F}.Debug|ARM64.Build.0 = Debug|Any CPU
		{11190493-676A-4ACC-BB29-99800FE8AC8F}.Debug|x64.ActiveCfg = Debug|Any CPU
		{11190493-676A-4ACC-BB29-99800FE8AC8F}.Debug|x64.Build.0 = Debug|Any CPU
		{11190493-676A-4ACC-BB29-99800FE8AC8F}.Debug|x86.ActiveCfg = Debug|Any CPU
		{11190493-676A-4ACC-BB29-99800FE8AC8F}.Debug|x86.Build.0 = Debug|Any CPU
		{11190493-676A-4ACC-BB29-99800FE8AC8F}.Release|Any CPU.ActiveCfg = Release|Any CPU
		{11190493-676A-4ACC-BB29-99800FE8AC8F}.Release|Any CPU.Build.0 = Release|Any CPU
		{11190493-676A-4ACC-BB29-99800FE8AC8F}.Release|ARM64.ActiveCfg = Release|Any CPU
		{11190493-676A-4ACC-BB29-99800FE8AC8F}.Release|ARM64.Build.0 = Release|Any CPU
		{11190493-676A-4ACC-BB29-99800FE8AC8F}.Release|x64.ActiveCfg = Release|Any CPU
		{11190493-676A-4ACC-BB29-99800FE8AC8F}.Release|x64.Build.0 = Release|Any CPU
		{11190493-676A-4ACC-BB29-99800FE8AC8F}.Release|x86.ActiveCfg = Release|Any CPU
		{11190493-676A-4ACC-BB29-99800FE8AC8F}.Release|x86.Build.0 = Release|Any CPU
		{319CBE9B-87D8-4633-AAF9-A40A5CD34555}.Debug|Any CPU.ActiveCfg = Debug|Any CPU
		{319CBE9B-87D8-4633-AAF9-A40A5CD34555}.Debug|Any CPU.Build.0 = Debug|Any CPU
		{319CBE9B-87D8-4633-AAF9-A40A5CD34555}.Debug|ARM64.ActiveCfg = Debug|Any CPU
		{319CBE9B-87D8-4633-AAF9-A40A5CD34555}.Debug|ARM64.Build.0 = Debug|Any CPU
		{319CBE9B-87D8-4633-AAF9-A40A5CD34555}.Debug|x64.ActiveCfg = Debug|Any CPU
		{319CBE9B-87D8-4633-AAF9-A40A5CD34555}.Debug|x64.Build.0 = Debug|Any CPU
		{319CBE9B-87D8-4633-AAF9-A40A5CD34555}.Debug|x86.ActiveCfg = Debug|Any CPU
		{319CBE9B-87D8-4633-AAF9-A40A5CD34555}.Debug|x86.Build.0 = Debug|Any CPU
		{319CBE9B-87D8-4633-AAF9-A40A5CD34555}.Release|Any CPU.ActiveCfg = Release|Any CPU
		{319CBE9B-87D8-4633-AAF9-A40A5CD34555}.Release|Any CPU.Build.0 = Release|Any CPU
		{319CBE9B-87D8-4633-AAF9-A40A5CD34555}.Release|ARM64.ActiveCfg = Release|ARM64
		{319CBE9B-87D8-4633-AAF9-A40A5CD34555}.Release|ARM64.Build.0 = Release|ARM64
		{319CBE9B-87D8-4633-AAF9-A40A5CD34555}.Release|x64.ActiveCfg = Release|x64
		{319CBE9B-87D8-4633-AAF9-A40A5CD34555}.Release|x64.Build.0 = Release|x64
		{319CBE9B-87D8-4633-AAF9-A40A5CD34555}.Release|x86.ActiveCfg = Release|x86
		{319CBE9B-87D8-4633-AAF9-A40A5CD34555}.Release|x86.Build.0 = Release|x86
		{DCEF99BB-8AD2-4858-8544-85BFDBDF3027}.Debug|Any CPU.ActiveCfg = Debug|Any CPU
		{DCEF99BB-8AD2-4858-8544-85BFDBDF3027}.Debug|Any CPU.Build.0 = Debug|Any CPU
		{DCEF99BB-8AD2-4858-8544-85BFDBDF3027}.Debug|ARM64.ActiveCfg = Debug|Any CPU
		{DCEF99BB-8AD2-4858-8544-85BFDBDF3027}.Debug|ARM64.Build.0 = Debug|Any CPU
		{DCEF99BB-8AD2-4858-8544-85BFDBDF3027}.Debug|x64.ActiveCfg = Debug|Any CPU
		{DCEF99BB-8AD2-4858-8544-85BFDBDF3027}.Debug|x64.Build.0 = Debug|Any CPU
		{DCEF99BB-8AD2-4858-8544-85BFDBDF3027}.Debug|x86.ActiveCfg = Debug|Any CPU
		{DCEF99BB-8AD2-4858-8544-85BFDBDF3027}.Debug|x86.Build.0 = Debug|Any CPU
		{DCEF99BB-8AD2-4858-8544-85BFDBDF3027}.Release|Any CPU.ActiveCfg = Release|Any CPU
		{DCEF99BB-8AD2-4858-8544-85BFDBDF3027}.Release|Any CPU.Build.0 = Release|Any CPU
		{DCEF99BB-8AD2-4858-8544-85BFDBDF3027}.Release|ARM64.ActiveCfg = Release|ARM64
		{DCEF99BB-8AD2-4858-8544-85BFDBDF3027}.Release|ARM64.Build.0 = Release|ARM64
		{DCEF99BB-8AD2-4858-8544-85BFDBDF3027}.Release|x64.ActiveCfg = Release|x64
		{DCEF99BB-8AD2-4858-8544-85BFDBDF3027}.Release|x64.Build.0 = Release|x64
		{DCEF99BB-8AD2-4858-8544-85BFDBDF3027}.Release|x86.ActiveCfg = Release|x86
		{DCEF99BB-8AD2-4858-8544-85BFDBDF3027}.Release|x86.Build.0 = Release|x86
		{D9F61FE5-A129-4CE4-8018-326EB958167A}.Debug|Any CPU.ActiveCfg = Debug|Any CPU
		{D9F61FE5-A129-4CE4-8018-326EB958167A}.Debug|Any CPU.Build.0 = Debug|Any CPU
		{D9F61FE5-A129-4CE4-8018-326EB958167A}.Debug|ARM64.ActiveCfg = Debug|Any CPU
		{D9F61FE5-A129-4CE4-8018-326EB958167A}.Debug|ARM64.Build.0 = Debug|Any CPU
		{D9F61FE5-A129-4CE4-8018-326EB958167A}.Debug|x64.ActiveCfg = Debug|Any CPU
		{D9F61FE5-A129-4CE4-8018-326EB958167A}.Debug|x64.Build.0 = Debug|Any CPU
		{D9F61FE5-A129-4CE4-8018-326EB958167A}.Debug|x86.ActiveCfg = Debug|Any CPU
		{D9F61FE5-A129-4CE4-8018-326EB958167A}.Debug|x86.Build.0 = Debug|Any CPU
		{D9F61FE5-A129-4CE4-8018-326EB958167A}.Release|Any CPU.ActiveCfg = Release|Any CPU
		{D9F61FE5-A129-4CE4-8018-326EB958167A}.Release|Any CPU.Build.0 = Release|Any CPU
		{D9F61FE5-A129-4CE4-8018-326EB958167A}.Release|ARM64.ActiveCfg = Release|ARM64
		{D9F61FE5-A129-4CE4-8018-326EB958167A}.Release|ARM64.Build.0 = Release|ARM64
		{D9F61FE5-A129-4CE4-8018-326EB958167A}.Release|x64.ActiveCfg = Release|x64
		{D9F61FE5-A129-4CE4-8018-326EB958167A}.Release|x64.Build.0 = Release|x64
		{D9F61FE5-A129-4CE4-8018-326EB958167A}.Release|x86.ActiveCfg = Release|x86
		{D9F61FE5-A129-4CE4-8018-326EB958167A}.Release|x86.Build.0 = Release|x86
		{F6308570-6FD5-4419-A396-4949C2F642F6}.Debug|Any CPU.ActiveCfg = Debug|Any CPU
		{F6308570-6FD5-4419-A396-4949C2F642F6}.Debug|Any CPU.Build.0 = Debug|Any CPU
		{F6308570-6FD5-4419-A396-4949C2F642F6}.Debug|ARM64.ActiveCfg = Debug|ARM64
		{F6308570-6FD5-4419-A396-4949C2F642F6}.Debug|ARM64.Build.0 = Debug|ARM64
		{F6308570-6FD5-4419-A396-4949C2F642F6}.Debug|x64.ActiveCfg = Debug|x64
		{F6308570-6FD5-4419-A396-4949C2F642F6}.Debug|x64.Build.0 = Debug|x64
		{F6308570-6FD5-4419-A396-4949C2F642F6}.Debug|x86.ActiveCfg = Debug|x86
		{F6308570-6FD5-4419-A396-4949C2F642F6}.Debug|x86.Build.0 = Debug|x86
		{F6308570-6FD5-4419-A396-4949C2F642F6}.Release|Any CPU.ActiveCfg = Release|Any CPU
		{F6308570-6FD5-4419-A396-4949C2F642F6}.Release|Any CPU.Build.0 = Release|Any CPU
		{F6308570-6FD5-4419-A396-4949C2F642F6}.Release|ARM64.ActiveCfg = Release|ARM64
		{F6308570-6FD5-4419-A396-4949C2F642F6}.Release|ARM64.Build.0 = Release|ARM64
		{F6308570-6FD5-4419-A396-4949C2F642F6}.Release|x64.ActiveCfg = Release|x64
		{F6308570-6FD5-4419-A396-4949C2F642F6}.Release|x64.Build.0 = Release|x64
		{F6308570-6FD5-4419-A396-4949C2F642F6}.Release|x86.ActiveCfg = Release|x86
		{F6308570-6FD5-4419-A396-4949C2F642F6}.Release|x86.Build.0 = Release|x86
		{47A21AFE-4858-4E47-A589-0AEB6B32FA20}.Debug|Any CPU.ActiveCfg = Debug|Any CPU
		{47A21AFE-4858-4E47-A589-0AEB6B32FA20}.Debug|Any CPU.Build.0 = Debug|Any CPU
		{47A21AFE-4858-4E47-A589-0AEB6B32FA20}.Debug|ARM64.ActiveCfg = Debug|Any CPU
		{47A21AFE-4858-4E47-A589-0AEB6B32FA20}.Debug|ARM64.Build.0 = Debug|Any CPU
		{47A21AFE-4858-4E47-A589-0AEB6B32FA20}.Debug|x64.ActiveCfg = Debug|Any CPU
		{47A21AFE-4858-4E47-A589-0AEB6B32FA20}.Debug|x64.Build.0 = Debug|Any CPU
		{47A21AFE-4858-4E47-A589-0AEB6B32FA20}.Debug|x86.ActiveCfg = Debug|Any CPU
		{47A21AFE-4858-4E47-A589-0AEB6B32FA20}.Debug|x86.Build.0 = Debug|Any CPU
		{47A21AFE-4858-4E47-A589-0AEB6B32FA20}.Release|Any CPU.ActiveCfg = Release|Any CPU
		{47A21AFE-4858-4E47-A589-0AEB6B32FA20}.Release|Any CPU.Build.0 = Release|Any CPU
		{47A21AFE-4858-4E47-A589-0AEB6B32FA20}.Release|ARM64.ActiveCfg = Release|Any CPU
		{47A21AFE-4858-4E47-A589-0AEB6B32FA20}.Release|ARM64.Build.0 = Release|Any CPU
		{47A21AFE-4858-4E47-A589-0AEB6B32FA20}.Release|x64.ActiveCfg = Release|Any CPU
		{47A21AFE-4858-4E47-A589-0AEB6B32FA20}.Release|x64.Build.0 = Release|Any CPU
		{47A21AFE-4858-4E47-A589-0AEB6B32FA20}.Release|x86.ActiveCfg = Release|Any CPU
		{47A21AFE-4858-4E47-A589-0AEB6B32FA20}.Release|x86.Build.0 = Release|Any CPU
		{9B662FC5-6C96-4920-AB7A-621D57D80D88}.Debug|Any CPU.ActiveCfg = Debug|Any CPU
		{9B662FC5-6C96-4920-AB7A-621D57D80D88}.Debug|Any CPU.Build.0 = Debug|Any CPU
		{9B662FC5-6C96-4920-AB7A-621D57D80D88}.Debug|ARM64.ActiveCfg = Debug|Any CPU
		{9B662FC5-6C96-4920-AB7A-621D57D80D88}.Debug|ARM64.Build.0 = Debug|Any CPU
		{9B662FC5-6C96-4920-AB7A-621D57D80D88}.Debug|x64.ActiveCfg = Debug|Any CPU
		{9B662FC5-6C96-4920-AB7A-621D57D80D88}.Debug|x64.Build.0 = Debug|Any CPU
		{9B662FC5-6C96-4920-AB7A-621D57D80D88}.Debug|x86.ActiveCfg = Debug|Any CPU
		{9B662FC5-6C96-4920-AB7A-621D57D80D88}.Debug|x86.Build.0 = Debug|Any CPU
		{9B662FC5-6C96-4920-AB7A-621D57D80D88}.Release|Any CPU.ActiveCfg = Release|Any CPU
		{9B662FC5-6C96-4920-AB7A-621D57D80D88}.Release|Any CPU.Build.0 = Release|Any CPU
		{9B662FC5-6C96-4920-AB7A-621D57D80D88}.Release|ARM64.ActiveCfg = Release|Any CPU
		{9B662FC5-6C96-4920-AB7A-621D57D80D88}.Release|ARM64.Build.0 = Release|Any CPU
		{9B662FC5-6C96-4920-AB7A-621D57D80D88}.Release|x64.ActiveCfg = Release|Any CPU
		{9B662FC5-6C96-4920-AB7A-621D57D80D88}.Release|x64.Build.0 = Release|Any CPU
		{9B662FC5-6C96-4920-AB7A-621D57D80D88}.Release|x86.ActiveCfg = Release|Any CPU
		{9B662FC5-6C96-4920-AB7A-621D57D80D88}.Release|x86.Build.0 = Release|Any CPU
		{98D684AA-325B-47BC-BE3F-7B42F895EF2D}.Debug|Any CPU.ActiveCfg = Debug|Any CPU
		{98D684AA-325B-47BC-BE3F-7B42F895EF2D}.Debug|Any CPU.Build.0 = Debug|Any CPU
		{98D684AA-325B-47BC-BE3F-7B42F895EF2D}.Debug|ARM64.ActiveCfg = Debug|Any CPU
		{98D684AA-325B-47BC-BE3F-7B42F895EF2D}.Debug|ARM64.Build.0 = Debug|Any CPU
		{98D684AA-325B-47BC-BE3F-7B42F895EF2D}.Debug|x64.ActiveCfg = Debug|Any CPU
		{98D684AA-325B-47BC-BE3F-7B42F895EF2D}.Debug|x64.Build.0 = Debug|Any CPU
		{98D684AA-325B-47BC-BE3F-7B42F895EF2D}.Debug|x86.ActiveCfg = Debug|Any CPU
		{98D684AA-325B-47BC-BE3F-7B42F895EF2D}.Debug|x86.Build.0 = Debug|Any CPU
		{98D684AA-325B-47BC-BE3F-7B42F895EF2D}.Release|Any CPU.ActiveCfg = Release|Any CPU
		{98D684AA-325B-47BC-BE3F-7B42F895EF2D}.Release|Any CPU.Build.0 = Release|Any CPU
		{98D684AA-325B-47BC-BE3F-7B42F895EF2D}.Release|ARM64.ActiveCfg = Release|Any CPU
		{98D684AA-325B-47BC-BE3F-7B42F895EF2D}.Release|ARM64.Build.0 = Release|Any CPU
		{98D684AA-325B-47BC-BE3F-7B42F895EF2D}.Release|x64.ActiveCfg = Release|Any CPU
		{98D684AA-325B-47BC-BE3F-7B42F895EF2D}.Release|x64.Build.0 = Release|Any CPU
		{98D684AA-325B-47BC-BE3F-7B42F895EF2D}.Release|x86.ActiveCfg = Release|Any CPU
		{98D684AA-325B-47BC-BE3F-7B42F895EF2D}.Release|x86.Build.0 = Release|Any CPU
		{CD29A101-5546-46B4-9FA1-AB796FE75192}.Debug|Any CPU.ActiveCfg = Debug|Any CPU
		{CD29A101-5546-46B4-9FA1-AB796FE75192}.Debug|Any CPU.Build.0 = Debug|Any CPU
		{CD29A101-5546-46B4-9FA1-AB796FE75192}.Debug|ARM64.ActiveCfg = Debug|Any CPU
		{CD29A101-5546-46B4-9FA1-AB796FE75192}.Debug|ARM64.Build.0 = Debug|Any CPU
		{CD29A101-5546-46B4-9FA1-AB796FE75192}.Debug|x64.ActiveCfg = Debug|Any CPU
		{CD29A101-5546-46B4-9FA1-AB796FE75192}.Debug|x64.Build.0 = Debug|Any CPU
		{CD29A101-5546-46B4-9FA1-AB796FE75192}.Debug|x86.ActiveCfg = Debug|Any CPU
		{CD29A101-5546-46B4-9FA1-AB796FE75192}.Debug|x86.Build.0 = Debug|Any CPU
		{CD29A101-5546-46B4-9FA1-AB796FE75192}.Release|Any CPU.ActiveCfg = Release|Any CPU
		{CD29A101-5546-46B4-9FA1-AB796FE75192}.Release|Any CPU.Build.0 = Release|Any CPU
		{CD29A101-5546-46B4-9FA1-AB796FE75192}.Release|ARM64.ActiveCfg = Release|Any CPU
		{CD29A101-5546-46B4-9FA1-AB796FE75192}.Release|ARM64.Build.0 = Release|Any CPU
		{CD29A101-5546-46B4-9FA1-AB796FE75192}.Release|x64.ActiveCfg = Release|Any CPU
		{CD29A101-5546-46B4-9FA1-AB796FE75192}.Release|x64.Build.0 = Release|Any CPU
		{CD29A101-5546-46B4-9FA1-AB796FE75192}.Release|x86.ActiveCfg = Release|Any CPU
		{CD29A101-5546-46B4-9FA1-AB796FE75192}.Release|x86.Build.0 = Release|Any CPU
		{6437D950-09EB-45F5-94EA-0D65E4F2C8BE}.Debug|Any CPU.ActiveCfg = Debug|Any CPU
		{6437D950-09EB-45F5-94EA-0D65E4F2C8BE}.Debug|Any CPU.Build.0 = Debug|Any CPU
		{6437D950-09EB-45F5-94EA-0D65E4F2C8BE}.Debug|ARM64.ActiveCfg = Debug|Any CPU
		{6437D950-09EB-45F5-94EA-0D65E4F2C8BE}.Debug|ARM64.Build.0 = Debug|Any CPU
		{6437D950-09EB-45F5-94EA-0D65E4F2C8BE}.Debug|x64.ActiveCfg = Debug|Any CPU
		{6437D950-09EB-45F5-94EA-0D65E4F2C8BE}.Debug|x64.Build.0 = Debug|Any CPU
		{6437D950-09EB-45F5-94EA-0D65E4F2C8BE}.Debug|x86.ActiveCfg = Debug|Any CPU
		{6437D950-09EB-45F5-94EA-0D65E4F2C8BE}.Debug|x86.Build.0 = Debug|Any CPU
		{6437D950-09EB-45F5-94EA-0D65E4F2C8BE}.Release|Any CPU.ActiveCfg = Release|Any CPU
		{6437D950-09EB-45F5-94EA-0D65E4F2C8BE}.Release|Any CPU.Build.0 = Release|Any CPU
		{6437D950-09EB-45F5-94EA-0D65E4F2C8BE}.Release|ARM64.ActiveCfg = Release|Any CPU
		{6437D950-09EB-45F5-94EA-0D65E4F2C8BE}.Release|ARM64.Build.0 = Release|Any CPU
		{6437D950-09EB-45F5-94EA-0D65E4F2C8BE}.Release|x64.ActiveCfg = Release|Any CPU
		{6437D950-09EB-45F5-94EA-0D65E4F2C8BE}.Release|x64.Build.0 = Release|Any CPU
		{6437D950-09EB-45F5-94EA-0D65E4F2C8BE}.Release|x86.ActiveCfg = Release|Any CPU
		{6437D950-09EB-45F5-94EA-0D65E4F2C8BE}.Release|x86.Build.0 = Release|Any CPU
		{590F17B8-E462-4ABA-B6BF-288CC2336850}.Debug|Any CPU.ActiveCfg = Debug|Any CPU
		{590F17B8-E462-4ABA-B6BF-288CC2336850}.Debug|Any CPU.Build.0 = Debug|Any CPU
		{590F17B8-E462-4ABA-B6BF-288CC2336850}.Debug|ARM64.ActiveCfg = Debug|Any CPU
		{590F17B8-E462-4ABA-B6BF-288CC2336850}.Debug|ARM64.Build.0 = Debug|Any CPU
		{590F17B8-E462-4ABA-B6BF-288CC2336850}.Debug|x64.ActiveCfg = Debug|Any CPU
		{590F17B8-E462-4ABA-B6BF-288CC2336850}.Debug|x64.Build.0 = Debug|Any CPU
		{590F17B8-E462-4ABA-B6BF-288CC2336850}.Debug|x86.ActiveCfg = Debug|Any CPU
		{590F17B8-E462-4ABA-B6BF-288CC2336850}.Debug|x86.Build.0 = Debug|Any CPU
		{590F17B8-E462-4ABA-B6BF-288CC2336850}.Release|Any CPU.ActiveCfg = Release|Any CPU
		{590F17B8-E462-4ABA-B6BF-288CC2336850}.Release|Any CPU.Build.0 = Release|Any CPU
		{590F17B8-E462-4ABA-B6BF-288CC2336850}.Release|ARM64.ActiveCfg = Release|Any CPU
		{590F17B8-E462-4ABA-B6BF-288CC2336850}.Release|ARM64.Build.0 = Release|Any CPU
		{590F17B8-E462-4ABA-B6BF-288CC2336850}.Release|x64.ActiveCfg = Release|Any CPU
		{590F17B8-E462-4ABA-B6BF-288CC2336850}.Release|x64.Build.0 = Release|Any CPU
		{590F17B8-E462-4ABA-B6BF-288CC2336850}.Release|x86.ActiveCfg = Release|Any CPU
		{590F17B8-E462-4ABA-B6BF-288CC2336850}.Release|x86.Build.0 = Release|Any CPU
		{83689BFD-C476-4853-9B90-A05D04932316}.Debug|Any CPU.ActiveCfg = Debug|Any CPU
		{83689BFD-C476-4853-9B90-A05D04932316}.Debug|Any CPU.Build.0 = Debug|Any CPU
		{83689BFD-C476-4853-9B90-A05D04932316}.Debug|ARM64.ActiveCfg = Debug|Any CPU
		{83689BFD-C476-4853-9B90-A05D04932316}.Debug|ARM64.Build.0 = Debug|Any CPU
		{83689BFD-C476-4853-9B90-A05D04932316}.Debug|x64.ActiveCfg = Debug|Any CPU
		{83689BFD-C476-4853-9B90-A05D04932316}.Debug|x64.Build.0 = Debug|Any CPU
		{83689BFD-C476-4853-9B90-A05D04932316}.Debug|x86.ActiveCfg = Debug|Any CPU
		{83689BFD-C476-4853-9B90-A05D04932316}.Debug|x86.Build.0 = Debug|Any CPU
		{83689BFD-C476-4853-9B90-A05D04932316}.Release|Any CPU.ActiveCfg = Release|Any CPU
		{83689BFD-C476-4853-9B90-A05D04932316}.Release|Any CPU.Build.0 = Release|Any CPU
		{83689BFD-C476-4853-9B90-A05D04932316}.Release|ARM64.ActiveCfg = Release|Any CPU
		{83689BFD-C476-4853-9B90-A05D04932316}.Release|ARM64.Build.0 = Release|Any CPU
		{83689BFD-C476-4853-9B90-A05D04932316}.Release|x64.ActiveCfg = Release|Any CPU
		{83689BFD-C476-4853-9B90-A05D04932316}.Release|x64.Build.0 = Release|Any CPU
		{83689BFD-C476-4853-9B90-A05D04932316}.Release|x86.ActiveCfg = Release|Any CPU
		{83689BFD-C476-4853-9B90-A05D04932316}.Release|x86.Build.0 = Release|Any CPU
		{9C8A231C-DDB9-4D5D-8A8B-F9AAE989B063}.Debug|Any CPU.ActiveCfg = Debug|Any CPU
		{9C8A231C-DDB9-4D5D-8A8B-F9AAE989B063}.Debug|Any CPU.Build.0 = Debug|Any CPU
		{9C8A231C-DDB9-4D5D-8A8B-F9AAE989B063}.Debug|ARM64.ActiveCfg = Debug|Any CPU
		{9C8A231C-DDB9-4D5D-8A8B-F9AAE989B063}.Debug|ARM64.Build.0 = Debug|Any CPU
		{9C8A231C-DDB9-4D5D-8A8B-F9AAE989B063}.Debug|x64.ActiveCfg = Debug|Any CPU
		{9C8A231C-DDB9-4D5D-8A8B-F9AAE989B063}.Debug|x64.Build.0 = Debug|Any CPU
		{9C8A231C-DDB9-4D5D-8A8B-F9AAE989B063}.Debug|x86.ActiveCfg = Debug|Any CPU
		{9C8A231C-DDB9-4D5D-8A8B-F9AAE989B063}.Debug|x86.Build.0 = Debug|Any CPU
		{9C8A231C-DDB9-4D5D-8A8B-F9AAE989B063}.Release|Any CPU.ActiveCfg = Release|Any CPU
		{9C8A231C-DDB9-4D5D-8A8B-F9AAE989B063}.Release|Any CPU.Build.0 = Release|Any CPU
		{9C8A231C-DDB9-4D5D-8A8B-F9AAE989B063}.Release|ARM64.ActiveCfg = Release|Any CPU
		{9C8A231C-DDB9-4D5D-8A8B-F9AAE989B063}.Release|ARM64.Build.0 = Release|Any CPU
		{9C8A231C-DDB9-4D5D-8A8B-F9AAE989B063}.Release|x64.ActiveCfg = Release|Any CPU
		{9C8A231C-DDB9-4D5D-8A8B-F9AAE989B063}.Release|x64.Build.0 = Release|Any CPU
		{9C8A231C-DDB9-4D5D-8A8B-F9AAE989B063}.Release|x86.ActiveCfg = Release|Any CPU
		{9C8A231C-DDB9-4D5D-8A8B-F9AAE989B063}.Release|x86.Build.0 = Release|Any CPU
		{1281296D-5686-45CF-94D6-89CB3D7B24FC}.Debug|Any CPU.ActiveCfg = Debug|Any CPU
		{1281296D-5686-45CF-94D6-89CB3D7B24FC}.Debug|Any CPU.Build.0 = Debug|Any CPU
		{1281296D-5686-45CF-94D6-89CB3D7B24FC}.Debug|ARM64.ActiveCfg = Debug|Any CPU
		{1281296D-5686-45CF-94D6-89CB3D7B24FC}.Debug|ARM64.Build.0 = Debug|Any CPU
		{1281296D-5686-45CF-94D6-89CB3D7B24FC}.Debug|x64.ActiveCfg = Debug|Any CPU
		{1281296D-5686-45CF-94D6-89CB3D7B24FC}.Debug|x64.Build.0 = Debug|Any CPU
		{1281296D-5686-45CF-94D6-89CB3D7B24FC}.Debug|x86.ActiveCfg = Debug|Any CPU
		{1281296D-5686-45CF-94D6-89CB3D7B24FC}.Debug|x86.Build.0 = Debug|Any CPU
		{1281296D-5686-45CF-94D6-89CB3D7B24FC}.Release|Any CPU.ActiveCfg = Release|Any CPU
		{1281296D-5686-45CF-94D6-89CB3D7B24FC}.Release|Any CPU.Build.0 = Release|Any CPU
		{1281296D-5686-45CF-94D6-89CB3D7B24FC}.Release|ARM64.ActiveCfg = Release|Any CPU
		{1281296D-5686-45CF-94D6-89CB3D7B24FC}.Release|ARM64.Build.0 = Release|Any CPU
		{1281296D-5686-45CF-94D6-89CB3D7B24FC}.Release|x64.ActiveCfg = Release|Any CPU
		{1281296D-5686-45CF-94D6-89CB3D7B24FC}.Release|x64.Build.0 = Release|Any CPU
		{1281296D-5686-45CF-94D6-89CB3D7B24FC}.Release|x86.ActiveCfg = Release|Any CPU
		{1281296D-5686-45CF-94D6-89CB3D7B24FC}.Release|x86.Build.0 = Release|Any CPU
		{0A9478DB-50FC-4CA3-962B-0FEBBB2ACBFA}.Debug|Any CPU.ActiveCfg = Debug|Any CPU
		{0A9478DB-50FC-4CA3-962B-0FEBBB2ACBFA}.Debug|Any CPU.Build.0 = Debug|Any CPU
		{0A9478DB-50FC-4CA3-962B-0FEBBB2ACBFA}.Debug|ARM64.ActiveCfg = Debug|Any CPU
		{0A9478DB-50FC-4CA3-962B-0FEBBB2ACBFA}.Debug|ARM64.Build.0 = Debug|Any CPU
		{0A9478DB-50FC-4CA3-962B-0FEBBB2ACBFA}.Debug|x64.ActiveCfg = Debug|Any CPU
		{0A9478DB-50FC-4CA3-962B-0FEBBB2ACBFA}.Debug|x64.Build.0 = Debug|Any CPU
		{0A9478DB-50FC-4CA3-962B-0FEBBB2ACBFA}.Debug|x86.ActiveCfg = Debug|Any CPU
		{0A9478DB-50FC-4CA3-962B-0FEBBB2ACBFA}.Debug|x86.Build.0 = Debug|Any CPU
		{0A9478DB-50FC-4CA3-962B-0FEBBB2ACBFA}.Release|Any CPU.ActiveCfg = Release|Any CPU
		{0A9478DB-50FC-4CA3-962B-0FEBBB2ACBFA}.Release|Any CPU.Build.0 = Release|Any CPU
		{0A9478DB-50FC-4CA3-962B-0FEBBB2ACBFA}.Release|ARM64.ActiveCfg = Release|Any CPU
		{0A9478DB-50FC-4CA3-962B-0FEBBB2ACBFA}.Release|ARM64.Build.0 = Release|Any CPU
		{0A9478DB-50FC-4CA3-962B-0FEBBB2ACBFA}.Release|x64.ActiveCfg = Release|Any CPU
		{0A9478DB-50FC-4CA3-962B-0FEBBB2ACBFA}.Release|x64.Build.0 = Release|Any CPU
		{0A9478DB-50FC-4CA3-962B-0FEBBB2ACBFA}.Release|x86.ActiveCfg = Release|Any CPU
		{0A9478DB-50FC-4CA3-962B-0FEBBB2ACBFA}.Release|x86.Build.0 = Release|Any CPU
		{BDC71D9E-A243-44E0-BDF7-0CEC5B184B9B}.Debug|Any CPU.ActiveCfg = Debug|Any CPU
		{BDC71D9E-A243-44E0-BDF7-0CEC5B184B9B}.Debug|Any CPU.Build.0 = Debug|Any CPU
		{BDC71D9E-A243-44E0-BDF7-0CEC5B184B9B}.Debug|ARM64.ActiveCfg = Debug|Any CPU
		{BDC71D9E-A243-44E0-BDF7-0CEC5B184B9B}.Debug|ARM64.Build.0 = Debug|Any CPU
		{BDC71D9E-A243-44E0-BDF7-0CEC5B184B9B}.Debug|x64.ActiveCfg = Debug|Any CPU
		{BDC71D9E-A243-44E0-BDF7-0CEC5B184B9B}.Debug|x64.Build.0 = Debug|Any CPU
		{BDC71D9E-A243-44E0-BDF7-0CEC5B184B9B}.Debug|x86.ActiveCfg = Debug|Any CPU
		{BDC71D9E-A243-44E0-BDF7-0CEC5B184B9B}.Debug|x86.Build.0 = Debug|Any CPU
		{BDC71D9E-A243-44E0-BDF7-0CEC5B184B9B}.Release|Any CPU.ActiveCfg = Release|Any CPU
		{BDC71D9E-A243-44E0-BDF7-0CEC5B184B9B}.Release|Any CPU.Build.0 = Release|Any CPU
		{BDC71D9E-A243-44E0-BDF7-0CEC5B184B9B}.Release|ARM64.ActiveCfg = Release|ARM64
		{BDC71D9E-A243-44E0-BDF7-0CEC5B184B9B}.Release|ARM64.Build.0 = Release|ARM64
		{BDC71D9E-A243-44E0-BDF7-0CEC5B184B9B}.Release|x64.ActiveCfg = Release|x64
		{BDC71D9E-A243-44E0-BDF7-0CEC5B184B9B}.Release|x64.Build.0 = Release|x64
		{BDC71D9E-A243-44E0-BDF7-0CEC5B184B9B}.Release|x86.ActiveCfg = Release|x86
		{BDC71D9E-A243-44E0-BDF7-0CEC5B184B9B}.Release|x86.Build.0 = Release|x86
	EndGlobalSection
	GlobalSection(SolutionProperties) = preSolution
		HideSolutionNode = FALSE
	EndGlobalSection
	GlobalSection(NestedProjects) = preSolution
		{5B4A4BA0-D823-4720-8C8C-10E5ECBB4474} = {232CD10B-4CA0-403C-B469-82A002F7C130}
		{C8793239-8C88-4F07-8B06-A2C0D15A67BC} = {1DD66D11-65BD-40CB-BF05-4E7951DDFED3}
		{576461E5-32D7-461C-9C70-11B9C5182E34} = {1DD66D11-65BD-40CB-BF05-4E7951DDFED3}
		{F68F78A4-2FAF-4EB1-8B67-FDF86CB7B59A} = {1DD66D11-65BD-40CB-BF05-4E7951DDFED3}
		{2F85908F-6390-479B-88B7-2FAD244091DB} = {04361DC9-3E9F-481A-9489-068DE8688332}
		{B2911E84-F01B-41A3-B92B-491AA8B7BE78} = {04361DC9-3E9F-481A-9489-068DE8688332}
		{C3F88A4A-B2FA-49BD-8FA8-D58ECCA09FF7} = {5B4A4BA0-D823-4720-8C8C-10E5ECBB4474}
		{9470698B-1D6A-4302-BE6D-F0D07FC69EA5} = {5B4A4BA0-D823-4720-8C8C-10E5ECBB4474}
		{EA173B89-9D19-4724-A6BC-F219FABBF302} = {5B4A4BA0-D823-4720-8C8C-10E5ECBB4474}
		{3B13E30A-F789-484A-BC78-534EEC688625} = {232CD10B-4CA0-403C-B469-82A002F7C130}
		{FC456E42-E6B9-40E5-807B-8F75EF203AF4} = {232CD10B-4CA0-403C-B469-82A002F7C130}
		{22011896-0652-4D71-BEDA-3EC200D4ED8B} = {E9FDFBCD-9AC8-4C03-8E94-17B50D0AD090}
		{2F2FD603-7A1E-498F-896B-06B1C6CD4556} = {E9FDFBCD-9AC8-4C03-8E94-17B50D0AD090}
		{B7E4127D-30FE-4284-9B15-E74B7D09390B} = {E9FDFBCD-9AC8-4C03-8E94-17B50D0AD090}
		{340F2EDD-E01F-4B7C-B0A1-5A4BEF814534} = {E597A504-C449-4C3C-941E-F84DBA4A740C}
		{0E65C7D5-CCEA-43F6-8FCD-7BA4582353BF} = {E597A504-C449-4C3C-941E-F84DBA4A740C}
		{11190493-676A-4ACC-BB29-99800FE8AC8F} = {E597A504-C449-4C3C-941E-F84DBA4A740C}
		{337FA919-25A4-4356-9C61-CD657675CB72} = {5B4A4BA0-D823-4720-8C8C-10E5ECBB4474}
		{319CBE9B-87D8-4633-AAF9-A40A5CD34555} = {04361DC9-3E9F-481A-9489-068DE8688332}
		{02C20F6F-926E-48BD-98E9-9325C607DA7A} = {5B4A4BA0-D823-4720-8C8C-10E5ECBB4474}
		{DCEF99BB-8AD2-4858-8544-85BFDBDF3027} = {04361DC9-3E9F-481A-9489-068DE8688332}
		{3B1EC692-D1BF-4016-BB68-3EE2FC60FA65} = {5B4A4BA0-D823-4720-8C8C-10E5ECBB4474}
		{D9F61FE5-A129-4CE4-8018-326EB958167A} = {04361DC9-3E9F-481A-9489-068DE8688332}
		{8A0AB1F0-443D-4815-AA0A-D5B700D54827} = {232CD10B-4CA0-403C-B469-82A002F7C130}
		{F6308570-6FD5-4419-A396-4949C2F642F6} = {02D54F9E-8518-40C9-B2CD-2A4F8CA339A3}
		{47A21AFE-4858-4E47-A589-0AEB6B32FA20} = {A98F348B-49A9-43CB-924A-9F0A40CA88B2}
		{9B662FC5-6C96-4920-AB7A-621D57D80D88} = {A98F348B-49A9-43CB-924A-9F0A40CA88B2}
		{98D684AA-325B-47BC-BE3F-7B42F895EF2D} = {A98F348B-49A9-43CB-924A-9F0A40CA88B2}
		{CD29A101-5546-46B4-9FA1-AB796FE75192} = {A98F348B-49A9-43CB-924A-9F0A40CA88B2}
		{6437D950-09EB-45F5-94EA-0D65E4F2C8BE} = {A98F348B-49A9-43CB-924A-9F0A40CA88B2}
		{590F17B8-E462-4ABA-B6BF-288CC2336850} = {A98F348B-49A9-43CB-924A-9F0A40CA88B2}
		{83689BFD-C476-4853-9B90-A05D04932316} = {A98F348B-49A9-43CB-924A-9F0A40CA88B2}
		{9C8A231C-DDB9-4D5D-8A8B-F9AAE989B063} = {A98F348B-49A9-43CB-924A-9F0A40CA88B2}
		{1281296D-5686-45CF-94D6-89CB3D7B24FC} = {A98F348B-49A9-43CB-924A-9F0A40CA88B2}
		{0A9478DB-50FC-4CA3-962B-0FEBBB2ACBFA} = {A98F348B-49A9-43CB-924A-9F0A40CA88B2}
		{BDC71D9E-A243-44E0-BDF7-0CEC5B184B9B} = {A98F348B-49A9-43CB-924A-9F0A40CA88B2}
		{3F10435E-C82E-4480-895A-FCFF79025276} = {232CD10B-4CA0-403C-B469-82A002F7C130}
		{55D4E156-3828-40A7-BB35-0377F917455B} = {232CD10B-4CA0-403C-B469-82A002F7C130}
		{91BA7265-E2AB-4C03-B772-DC1EBC87DC27} = {232CD10B-4CA0-403C-B469-82A002F7C130}
		{8A29863A-0FB5-49CF-BCC2-0DDA25CE239F} = {232CD10B-4CA0-403C-B469-82A002F7C130}
		{7CE7D113-5A37-436B-85FB-9961C9595976} = {232CD10B-4CA0-403C-B469-82A002F7C130}
	EndGlobalSection
	GlobalSection(ExtensibilityGlobals) = postSolution
		SolutionGuid = {5DA4A105-4BC7-4943-9328-F7274E75FCB3}
	EndGlobalSection
	GlobalSection(SharedMSBuildProjectFiles) = preSolution
		Shared\Engine\Sucrose.Engine.VA\Sucrose.Engine.VA.projitems*{02c20f6f-926e-48bd-98e9-9325c607da7a}*SharedItemsImports = 13
		Shared\Sucrose.Shared.Dependency\Sucrose.Shared.Dependency.projitems*{22011896-0652-4d71-beda-3ec200d4ed8b}*SharedItemsImports = 5
		Shared\Sucrose.Space\Sucrose.Space.projitems*{22011896-0652-4d71-beda-3ec200d4ed8b}*SharedItemsImports = 5
		Shared\Sucrose.Watchdog\Sucrose.Watchdog.projitems*{22011896-0652-4d71-beda-3ec200d4ed8b}*SharedItemsImports = 5
		Shared\Sucrose.Dependency\Sucrose.Dependency.projitems*{2f2fd603-7a1e-498f-896b-06b1c6cd4556}*SharedItemsImports = 5
		Shared\Sucrose.Discord\Sucrose.Discord.projitems*{2f2fd603-7a1e-498f-896b-06b1c6cd4556}*SharedItemsImports = 5
		Shared\Sucrose.Space\Sucrose.Space.projitems*{2f2fd603-7a1e-498f-896b-06b1c6cd4556}*SharedItemsImports = 5
		Shared\Engine\Sucrose.Engine.CS\Sucrose.Engine.CS.projitems*{2f85908f-6390-479b-88b7-2fad244091db}*SharedItemsImports = 5
		Shared\Engine\Sucrose.Engine.Shared\Sucrose.Engine.Shared.projitems*{2f85908f-6390-479b-88b7-2fad244091db}*SharedItemsImports = 5
		Shared\Sucrose.Shared.Dependency\Sucrose.Shared.Dependency.projitems*{2f85908f-6390-479b-88b7-2fad244091db}*SharedItemsImports = 5
		Shared\Sucrose.Shared.Theme\Sucrose.Shared.Theme.projitems*{2f85908f-6390-479b-88b7-2fad244091db}*SharedItemsImports = 5
		Shared\Sucrose.Space\Sucrose.Space.projitems*{2f85908f-6390-479b-88b7-2fad244091db}*SharedItemsImports = 5
		Shared\Sucrose.Watchdog\Sucrose.Watchdog.projitems*{2f85908f-6390-479b-88b7-2fad244091db}*SharedItemsImports = 5
		Shared\Engine\Sucrose.Engine.NA\Sucrose.Engine.NA.projitems*{319cbe9b-87d8-4633-aaf9-a40a5cd34555}*SharedItemsImports = 5
		Shared\Engine\Sucrose.Engine.Shared\Sucrose.Engine.Shared.projitems*{319cbe9b-87d8-4633-aaf9-a40a5cd34555}*SharedItemsImports = 5
		Shared\Sucrose.Shared.Dependency\Sucrose.Shared.Dependency.projitems*{319cbe9b-87d8-4633-aaf9-a40a5cd34555}*SharedItemsImports = 5
		Shared\Sucrose.Shared.Theme\Sucrose.Shared.Theme.projitems*{319cbe9b-87d8-4633-aaf9-a40a5cd34555}*SharedItemsImports = 5
		Shared\Sucrose.Space\Sucrose.Space.projitems*{319cbe9b-87d8-4633-aaf9-a40a5cd34555}*SharedItemsImports = 5
		Shared\Sucrose.Watchdog\Sucrose.Watchdog.projitems*{319cbe9b-87d8-4633-aaf9-a40a5cd34555}*SharedItemsImports = 5
		Shared\Engine\Sucrose.Engine.NA\Sucrose.Engine.NA.projitems*{337fa919-25a4-4356-9c61-cd657675cb72}*SharedItemsImports = 13
		Shared\Sucrose.Space\Sucrose.Space.projitems*{3b13e30a-f789-484a-bc78-534eec688625}*SharedItemsImports = 13
		Shared\Engine\Sucrose.Engine.AA\Sucrose.Engine.AA.projitems*{3b1ec692-d1bf-4016-bb68-3ee2fc60fa65}*SharedItemsImports = 13
		Shared\Sucrose.Shared.Theme\Sucrose.Shared.Theme.projitems*{3f10435e-c82e-4480-895a-fcff79025276}*SharedItemsImports = 13
		Shared\Sucrose.Shared.Discord\Sucrose.Shared.Discord.projitems*{55d4e156-3828-40a7-bb35-0377f917455b}*SharedItemsImports = 13
		Shared\Sucrose.Shared.Dependency\Sucrose.Shared.Dependency.projitems*{7ce7d113-5a37-436b-85fb-9961c9595976}*SharedItemsImports = 13
		Shared\Sucrose.Shared.Launcher\Sucrose.Shared.Launcher.projitems*{8a0ab1f0-443d-4815-aa0a-d5b700d54827}*SharedItemsImports = 13
		Shared\Sucrose.Shared.Common\Sucrose.Shared.Common.projitems*{8a29863a-0fb5-49cf-bcc2-0dda25ce239f}*SharedItemsImports = 13
		Shared\Sucrose.Shared.Resources\Sucrose.Shared.Resources.projitems*{91ba7265-e2ab-4c03-b772-dc1ebc87dc27}*SharedItemsImports = 13
		Shared\Engine\Sucrose.Engine.Shared\Sucrose.Engine.Shared.projitems*{9470698b-1d6a-4302-be6d-f0d07fc69ea5}*SharedItemsImports = 13
		Shared\Engine\Sucrose.Engine.Shared\Sucrose.Engine.Shared.projitems*{b2911e84-f01b-41a3-b92b-491aa8b7be78}*SharedItemsImports = 5
		Shared\Engine\Sucrose.Engine.WV\Sucrose.Engine.WV.projitems*{b2911e84-f01b-41a3-b92b-491aa8b7be78}*SharedItemsImports = 5
		Shared\Sucrose.Shared.Dependency\Sucrose.Shared.Dependency.projitems*{b2911e84-f01b-41a3-b92b-491aa8b7be78}*SharedItemsImports = 5
		Shared\Sucrose.Shared.Theme\Sucrose.Shared.Theme.projitems*{b2911e84-f01b-41a3-b92b-491aa8b7be78}*SharedItemsImports = 5
		Shared\Sucrose.Space\Sucrose.Space.projitems*{b2911e84-f01b-41a3-b92b-491aa8b7be78}*SharedItemsImports = 5
		Shared\Sucrose.Watchdog\Sucrose.Watchdog.projitems*{b2911e84-f01b-41a3-b92b-491aa8b7be78}*SharedItemsImports = 5
		Shared\Sucrose.Shared.Common\Sucrose.Shared.Common.projitems*{b7e4127d-30fe-4284-9b15-e74b7d09390b}*SharedItemsImports = 5
		Shared\Sucrose.Shared.Dependency\Sucrose.Shared.Dependency.projitems*{b7e4127d-30fe-4284-9b15-e74b7d09390b}*SharedItemsImports = 5
		Shared\Sucrose.Space\Sucrose.Space.projitems*{b7e4127d-30fe-4284-9b15-e74b7d09390b}*SharedItemsImports = 5
		Shared\Sucrose.Watchdog\Sucrose.Watchdog.projitems*{b7e4127d-30fe-4284-9b15-e74b7d09390b}*SharedItemsImports = 5
		Shared\Sucrose.Shared.Dependency\Sucrose.Shared.Dependency.projitems*{bdc71d9e-a243-44e0-bdf7-0cec5b184b9b}*SharedItemsImports = 5
		Shared\Sucrose.Space\Sucrose.Space.projitems*{bdc71d9e-a243-44e0-bdf7-0cec5b184b9b}*SharedItemsImports = 5
		Shared\Sucrose.Watchdog\Sucrose.Watchdog.projitems*{bdc71d9e-a243-44e0-bdf7-0cec5b184b9b}*SharedItemsImports = 5
		Shared\Engine\Sucrose.Engine.CS\Sucrose.Engine.CS.projitems*{c3f88a4a-b2fa-49bd-8fa8-d58ecca09ff7}*SharedItemsImports = 13
		Shared\Engine\Sucrose.Engine.AA\Sucrose.Engine.AA.projitems*{d9f61fe5-a129-4ce4-8018-326eb958167a}*SharedItemsImports = 5
		Shared\Engine\Sucrose.Engine.Shared\Sucrose.Engine.Shared.projitems*{d9f61fe5-a129-4ce4-8018-326eb958167a}*SharedItemsImports = 5
		Shared\Sucrose.Shared.Dependency\Sucrose.Shared.Dependency.projitems*{d9f61fe5-a129-4ce4-8018-326eb958167a}*SharedItemsImports = 5
		Shared\Sucrose.Shared.Theme\Sucrose.Shared.Theme.projitems*{d9f61fe5-a129-4ce4-8018-326eb958167a}*SharedItemsImports = 5
		Shared\Sucrose.Space\Sucrose.Space.projitems*{d9f61fe5-a129-4ce4-8018-326eb958167a}*SharedItemsImports = 5
		Shared\Sucrose.Watchdog\Sucrose.Watchdog.projitems*{d9f61fe5-a129-4ce4-8018-326eb958167a}*SharedItemsImports = 5
		Shared\Engine\Sucrose.Engine.Shared\Sucrose.Engine.Shared.projitems*{dcef99bb-8ad2-4858-8544-85bfdbdf3027}*SharedItemsImports = 5
		Shared\Engine\Sucrose.Engine.VA\Sucrose.Engine.VA.projitems*{dcef99bb-8ad2-4858-8544-85bfdbdf3027}*SharedItemsImports = 5
		Shared\Sucrose.Shared.Dependency\Sucrose.Shared.Dependency.projitems*{dcef99bb-8ad2-4858-8544-85bfdbdf3027}*SharedItemsImports = 5
		Shared\Sucrose.Shared.Theme\Sucrose.Shared.Theme.projitems*{dcef99bb-8ad2-4858-8544-85bfdbdf3027}*SharedItemsImports = 5
		Shared\Sucrose.Space\Sucrose.Space.projitems*{dcef99bb-8ad2-4858-8544-85bfdbdf3027}*SharedItemsImports = 5
		Shared\Sucrose.Watchdog\Sucrose.Watchdog.projitems*{dcef99bb-8ad2-4858-8544-85bfdbdf3027}*SharedItemsImports = 5
		Shared\Engine\Sucrose.Engine.WV\Sucrose.Engine.WV.projitems*{ea173b89-9d19-4724-a6bc-f219fabbf302}*SharedItemsImports = 13
		Shared\Sucrose.Shared.Common\Sucrose.Shared.Common.projitems*{f6308570-6fd5-4419-a396-4949c2f642f6}*SharedItemsImports = 5
		Shared\Sucrose.Shared.Dependency\Sucrose.Shared.Dependency.projitems*{f6308570-6fd5-4419-a396-4949c2f642f6}*SharedItemsImports = 5
		Shared\Sucrose.Shared.Discord\Sucrose.Shared.Discord.projitems*{f6308570-6fd5-4419-a396-4949c2f642f6}*SharedItemsImports = 5
		Shared\Sucrose.Shared.Launcher\Sucrose.Shared.Launcher.projitems*{f6308570-6fd5-4419-a396-4949c2f642f6}*SharedItemsImports = 5
		Shared\Sucrose.Shared.Theme\Sucrose.Shared.Theme.projitems*{f6308570-6fd5-4419-a396-4949c2f642f6}*SharedItemsImports = 5
		Shared\Sucrose.Space\Sucrose.Space.projitems*{f6308570-6fd5-4419-a396-4949c2f642f6}*SharedItemsImports = 5
		Shared\Sucrose.Watchdog\Sucrose.Watchdog.projitems*{f6308570-6fd5-4419-a396-4949c2f642f6}*SharedItemsImports = 5
		Shared\Sucrose.Watchdog\Sucrose.Watchdog.projitems*{fc456e42-e6b9-40e5-807b-8f75ef203af4}*SharedItemsImports = 13
	EndGlobalSection
EndGlobal
