
Microsoft Visual Studio Solution File, Format Version 12.00
# Visual Studio Version 17
VisualStudioVersion = 17.7.33808.371
MinimumVisualStudioVersion = 10.0.40219.1
Project("{2150E333-8FDC-42A3-9474-1A3956D46DE8}") = "Solution Items", "Solution Items", "{3943FC00-5155-481C-ABD2-2F1E094589A0}"
	ProjectSection(SolutionItems) = preProject
		..\.editorconfig = ..\.editorconfig
		..\global.json = ..\global.json
	EndProjectSection
EndProject
Project("{2150E333-8FDC-42A3-9474-1A3956D46DE8}") = "Engine", "Engine", "{5B4A4BA0-D823-4720-8C8C-10E5ECBB4474}"
EndProject
Project("{2150E333-8FDC-42A3-9474-1A3956D46DE8}") = "Live", "Live", "{04361DC9-3E9F-481A-9489-068DE8688332}"
EndProject
Project("{2150E333-8FDC-42A3-9474-1A3956D46DE8}") = "Interface", "Interface", "{A28DEA75-D2C7-41A1-AD6A-E56926F8A8A8}"
EndProject
Project("{2150E333-8FDC-42A3-9474-1A3956D46DE8}") = "Tray", "Tray", "{02D54F9E-8518-40C9-B2CD-2A4F8CA339A3}"
EndProject
Project("{2150E333-8FDC-42A3-9474-1A3956D46DE8}") = "gRPC", "gRPC", "{E597A504-C449-4C3C-941E-F84DBA4A740C}"
EndProject
Project("{2150E333-8FDC-42A3-9474-1A3956D46DE8}") = "Shared", "Shared", "{232CD10B-4CA0-403C-B469-82A002F7C130}"
EndProject
Project("{2150E333-8FDC-42A3-9474-1A3956D46DE8}") = "Library", "Library", "{1DD66D11-65BD-40CB-BF05-4E7951DDFED3}"
EndProject
Project("{2150E333-8FDC-42A3-9474-1A3956D46DE8}") = "Project", "Project", "{E9FDFBCD-9AC8-4C03-8E94-17B50D0AD090}"
EndProject
Project("{2150E333-8FDC-42A3-9474-1A3956D46DE8}") = "Theme", "Theme", "{4F076C1A-6D90-49A7-B8B9-8F5C6630A4DF}"
EndProject
Project("{9A19103F-16F7-4668-BE54-9A1E7A4F7556}") = "Sucrose.WPF.UI", "Interface\Sucrose.WPF.UI\Sucrose.WPF.UI.csproj", "{16D9CAB2-FDC3-4F64-941E-DC42860D8B43}"
EndProject
Project("{9A19103F-16F7-4668-BE54-9A1E7A4F7556}") = "Sucrose.Globalization", "Library\Sucrose.Globalization\Sucrose.Globalization.csproj", "{C8793239-8C88-4F07-8B06-A2C0D15A67BC}"
EndProject
Project("{9A19103F-16F7-4668-BE54-9A1E7A4F7556}") = "Sucrose.Manager", "Library\Sucrose.Manager\Sucrose.Manager.csproj", "{576461E5-32D7-461C-9C70-11B9C5182E34}"
EndProject
Project("{9A19103F-16F7-4668-BE54-9A1E7A4F7556}") = "Sucrose.Memory", "Library\Sucrose.Memory\Sucrose.Memory.csproj", "{F68F78A4-2FAF-4EB1-8B67-FDF86CB7B59A}"
EndProject
Project("{9A19103F-16F7-4668-BE54-9A1E7A4F7556}") = "Sucrose.Live.CS", "Live\Sucrose.Live.CS\Sucrose.Live.CS.csproj", "{2F85908F-6390-479B-88B7-2FAD244091DB}"
EndProject
Project("{9A19103F-16F7-4668-BE54-9A1E7A4F7556}") = "Sucrose.Live.WV", "Live\Sucrose.Live.WV\Sucrose.Live.WV.csproj", "{B2911E84-F01B-41A3-B92B-491AA8B7BE78}"
EndProject
Project("{D954291E-2A0B-460D-934E-DC6B0785DB48}") = "Sucrose.Engine.CS", "Shared\Engine\Sucrose.Engine.CS\Sucrose.Engine.CS.shproj", "{C3F88A4A-B2FA-49BD-8FA8-D58ECCA09FF7}"
EndProject
Project("{D954291E-2A0B-460D-934E-DC6B0785DB48}") = "Sucrose.Engine.Shared", "Shared\Engine\Sucrose.Engine.Shared\Sucrose.Engine.Shared.shproj", "{9470698B-1D6A-4302-BE6D-F0D07FC69EA5}"
EndProject
Project("{D954291E-2A0B-460D-934E-DC6B0785DB48}") = "Sucrose.Engine.WV", "Shared\Engine\Sucrose.Engine.WV\Sucrose.Engine.WV.shproj", "{EA173B89-9D19-4724-A6BC-F219FABBF302}"
EndProject
Project("{D954291E-2A0B-460D-934E-DC6B0785DB48}") = "Sucrose.Theme.Shared", "Shared\Theme\Sucrose.Theme.Shared\Sucrose.Theme.Shared.shproj", "{F0F66E64-F024-4916-9DA1-55F57C8780C4}"
EndProject
Project("{D954291E-2A0B-460D-934E-DC6B0785DB48}") = "Sucrose.Common", "Shared\Sucrose.Common\Sucrose.Common.shproj", "{4A57580B-4AE3-4A25-A887-766D1B3709C7}"
EndProject
Project("{D954291E-2A0B-460D-934E-DC6B0785DB48}") = "Sucrose.Dependency", "Shared\Sucrose.Dependency\Sucrose.Dependency.shproj", "{0C43A85B-788F-4E02-A7A4-5E020B8EB1CB}"
EndProject
Project("{D954291E-2A0B-460D-934E-DC6B0785DB48}") = "Sucrose.Discord", "Shared\Sucrose.Discord\Sucrose.Discord.shproj", "{1FDCBC92-D904-4DA0-838C-13893CD373F8}"
EndProject
Project("{D954291E-2A0B-460D-934E-DC6B0785DB48}") = "Sucrose.Resources", "Shared\Sucrose.Resources\Sucrose.Resources.shproj", "{9293996D-47C3-4275-ABD9-F0E812128CAA}"
EndProject
Project("{D954291E-2A0B-460D-934E-DC6B0785DB48}") = "Sucrose.Space", "Shared\Sucrose.Space\Sucrose.Space.shproj", "{3B13E30A-F789-484A-BC78-534EEC688625}"
EndProject
Project("{D954291E-2A0B-460D-934E-DC6B0785DB48}") = "Sucrose.Tray", "Shared\Sucrose.Tray\Sucrose.Tray.shproj", "{BF2BFA28-F6CF-4075-9D3B-025A2F6EB967}"
EndProject
Project("{D954291E-2A0B-460D-934E-DC6B0785DB48}") = "Sucrose.Watchdog", "Shared\Sucrose.Watchdog\Sucrose.Watchdog.shproj", "{FC456E42-E6B9-40E5-807B-8F75EF203AF4}"
EndProject
Project("{9A19103F-16F7-4668-BE54-9A1E7A4F7556}") = "Sucrose.Commandog", "Project\Sucrose.Commandog\Sucrose.Commandog.csproj", "{22011896-0652-4D71-BEDA-3EC200D4ED8B}"
EndProject
Project("{9A19103F-16F7-4668-BE54-9A1E7A4F7556}") = "Sucrose.Test", "Project\Sucrose.Test\Sucrose.Test.csproj", "{2F2FD603-7A1E-498F-896B-06B1C6CD4556}"
EndProject
Project("{9A19103F-16F7-4668-BE54-9A1E7A4F7556}") = "Sucrose.WPF.CS", "Project\Sucrose.WPF.CS\Sucrose.WPF.CS.csproj", "{B7E4127D-30FE-4284-9B15-E74B7D09390B}"
EndProject
Project("{9A19103F-16F7-4668-BE54-9A1E7A4F7556}") = "Sucrose.Grpc", "gRPC\Sucrose.Grpc\Sucrose.Grpc.csproj", "{340F2EDD-E01F-4B7C-B0A1-5A4BEF814534}"
EndProject
Project("{9A19103F-16F7-4668-BE54-9A1E7A4F7556}") = "Sucrose.Grpc.Client", "gRPC\Sucrose.Grpc.Client\Sucrose.Grpc.Client.csproj", "{0E65C7D5-CCEA-43F6-8FCD-7BA4582353BF}"
EndProject
Project("{9A19103F-16F7-4668-BE54-9A1E7A4F7556}") = "Sucrose.Grpc.Common", "gRPC\Sucrose.Grpc.Common\Sucrose.Grpc.Common.csproj", "{11190493-676A-4ACC-BB29-99800FE8AC8F}"
EndProject
Project("{9A19103F-16F7-4668-BE54-9A1E7A4F7556}") = "Sucrose.WPF.TI", "Tray\Sucrose.WPF.TI\Sucrose.WPF.TI.csproj", "{639D133B-619B-4E21-9A56-42F742C1363B}"
EndProject
Project("{D954291E-2A0B-460D-934E-DC6B0785DB48}") = "Sucrose.Engine.NA", "Shared\Engine\Sucrose.Engine.NA\Sucrose.Engine.NA.shproj", "{337FA919-25A4-4356-9C61-CD657675CB72}"
EndProject
Project("{9A19103F-16F7-4668-BE54-9A1E7A4F7556}") = "Sucrose.Live.NA", "Live\Sucrose.Live.NA\Sucrose.Live.NA.csproj", "{319CBE9B-87D8-4633-AAF9-A40A5CD34555}"
EndProject
Project("{D954291E-2A0B-460D-934E-DC6B0785DB48}") = "Sucrose.Engine.VA", "Shared\Engine\Sucrose.Engine.VA\Sucrose.Engine.VA.shproj", "{02C20F6F-926E-48BD-98E9-9325C607DA7A}"
EndProject
Project("{9A19103F-16F7-4668-BE54-9A1E7A4F7556}") = "Sucrose.Live.VA", "Live\Sucrose.Live.VA\Sucrose.Live.VA.csproj", "{DCEF99BB-8AD2-4858-8544-85BFDBDF3027}"
EndProject
Project("{D954291E-2A0B-460D-934E-DC6B0785DB48}") = "Sucrose.Engine.AA", "Shared\Engine\Sucrose.Engine.AA\Sucrose.Engine.AA.shproj", "{3B1EC692-D1BF-4016-BB68-3EE2FC60FA65}"
EndProject
Project("{FAE04EC0-301F-11D3-BF4B-00C04F79EFBC}") = "Sucrose.Live.AA", "Live\Sucrose.Live.AA\Sucrose.Live.AA.csproj", "{D9F61FE5-A129-4CE4-8018-326EB958167A}"
EndProject
Global
	GlobalSection(SolutionConfigurationPlatforms) = preSolution
		Debug|Any CPU = Debug|Any CPU
		Debug|ARM64 = Debug|ARM64
		Debug|x64 = Debug|x64
		Debug|x86 = Debug|x86
		Release|Any CPU = Release|Any CPU
		Release|ARM64 = Release|ARM64
		Release|x64 = Release|x64
		Release|x86 = Release|x86
	EndGlobalSection
	GlobalSection(ProjectConfigurationPlatforms) = postSolution
		{16D9CAB2-FDC3-4F64-941E-DC42860D8B43}.Debug|Any CPU.ActiveCfg = Debug|Any CPU
		{16D9CAB2-FDC3-4F64-941E-DC42860D8B43}.Debug|Any CPU.Build.0 = Debug|Any CPU
		{16D9CAB2-FDC3-4F64-941E-DC42860D8B43}.Debug|ARM64.ActiveCfg = Debug|ARM64
		{16D9CAB2-FDC3-4F64-941E-DC42860D8B43}.Debug|ARM64.Build.0 = Debug|ARM64
		{16D9CAB2-FDC3-4F64-941E-DC42860D8B43}.Debug|x64.ActiveCfg = Debug|x64
		{16D9CAB2-FDC3-4F64-941E-DC42860D8B43}.Debug|x64.Build.0 = Debug|x64
		{16D9CAB2-FDC3-4F64-941E-DC42860D8B43}.Debug|x86.ActiveCfg = Debug|x86
		{16D9CAB2-FDC3-4F64-941E-DC42860D8B43}.Debug|x86.Build.0 = Debug|x86
		{16D9CAB2-FDC3-4F64-941E-DC42860D8B43}.Release|Any CPU.ActiveCfg = Release|Any CPU
		{16D9CAB2-FDC3-4F64-941E-DC42860D8B43}.Release|Any CPU.Build.0 = Release|Any CPU
		{16D9CAB2-FDC3-4F64-941E-DC42860D8B43}.Release|ARM64.ActiveCfg = Release|ARM64
		{16D9CAB2-FDC3-4F64-941E-DC42860D8B43}.Release|ARM64.Build.0 = Release|ARM64
		{16D9CAB2-FDC3-4F64-941E-DC42860D8B43}.Release|x64.ActiveCfg = Release|x64
		{16D9CAB2-FDC3-4F64-941E-DC42860D8B43}.Release|x64.Build.0 = Release|x64
		{16D9CAB2-FDC3-4F64-941E-DC42860D8B43}.Release|x86.ActiveCfg = Release|x86
		{16D9CAB2-FDC3-4F64-941E-DC42860D8B43}.Release|x86.Build.0 = Release|x86
		{C8793239-8C88-4F07-8B06-A2C0D15A67BC}.Debug|Any CPU.ActiveCfg = Debug|Any CPU
		{C8793239-8C88-4F07-8B06-A2C0D15A67BC}.Debug|Any CPU.Build.0 = Debug|Any CPU
		{C8793239-8C88-4F07-8B06-A2C0D15A67BC}.Debug|ARM64.ActiveCfg = Debug|Any CPU
		{C8793239-8C88-4F07-8B06-A2C0D15A67BC}.Debug|ARM64.Build.0 = Debug|Any CPU
		{C8793239-8C88-4F07-8B06-A2C0D15A67BC}.Debug|x64.ActiveCfg = Debug|Any CPU
		{C8793239-8C88-4F07-8B06-A2C0D15A67BC}.Debug|x64.Build.0 = Debug|Any CPU
		{C8793239-8C88-4F07-8B06-A2C0D15A67BC}.Debug|x86.ActiveCfg = Debug|Any CPU
		{C8793239-8C88-4F07-8B06-A2C0D15A67BC}.Debug|x86.Build.0 = Debug|Any CPU
		{C8793239-8C88-4F07-8B06-A2C0D15A67BC}.Release|Any CPU.ActiveCfg = Release|Any CPU
		{C8793239-8C88-4F07-8B06-A2C0D15A67BC}.Release|Any CPU.Build.0 = Release|Any CPU
		{C8793239-8C88-4F07-8B06-A2C0D15A67BC}.Release|ARM64.ActiveCfg = Release|Any CPU
		{C8793239-8C88-4F07-8B06-A2C0D15A67BC}.Release|ARM64.Build.0 = Release|Any CPU
		{C8793239-8C88-4F07-8B06-A2C0D15A67BC}.Release|x64.ActiveCfg = Release|Any CPU
		{C8793239-8C88-4F07-8B06-A2C0D15A67BC}.Release|x64.Build.0 = Release|Any CPU
		{C8793239-8C88-4F07-8B06-A2C0D15A67BC}.Release|x86.ActiveCfg = Release|Any CPU
		{C8793239-8C88-4F07-8B06-A2C0D15A67BC}.Release|x86.Build.0 = Release|Any CPU
		{576461E5-32D7-461C-9C70-11B9C5182E34}.Debug|Any CPU.ActiveCfg = Debug|Any CPU
		{576461E5-32D7-461C-9C70-11B9C5182E34}.Debug|Any CPU.Build.0 = Debug|Any CPU
		{576461E5-32D7-461C-9C70-11B9C5182E34}.Debug|ARM64.ActiveCfg = Debug|Any CPU
		{576461E5-32D7-461C-9C70-11B9C5182E34}.Debug|ARM64.Build.0 = Debug|Any CPU
		{576461E5-32D7-461C-9C70-11B9C5182E34}.Debug|x64.ActiveCfg = Debug|Any CPU
		{576461E5-32D7-461C-9C70-11B9C5182E34}.Debug|x64.Build.0 = Debug|Any CPU
		{576461E5-32D7-461C-9C70-11B9C5182E34}.Debug|x86.ActiveCfg = Debug|Any CPU
		{576461E5-32D7-461C-9C70-11B9C5182E34}.Debug|x86.Build.0 = Debug|Any CPU
		{576461E5-32D7-461C-9C70-11B9C5182E34}.Release|Any CPU.ActiveCfg = Release|Any CPU
		{576461E5-32D7-461C-9C70-11B9C5182E34}.Release|Any CPU.Build.0 = Release|Any CPU
		{576461E5-32D7-461C-9C70-11B9C5182E34}.Release|ARM64.ActiveCfg = Release|Any CPU
		{576461E5-32D7-461C-9C70-11B9C5182E34}.Release|ARM64.Build.0 = Release|Any CPU
		{576461E5-32D7-461C-9C70-11B9C5182E34}.Release|x64.ActiveCfg = Release|Any CPU
		{576461E5-32D7-461C-9C70-11B9C5182E34}.Release|x64.Build.0 = Release|Any CPU
		{576461E5-32D7-461C-9C70-11B9C5182E34}.Release|x86.ActiveCfg = Release|Any CPU
		{576461E5-32D7-461C-9C70-11B9C5182E34}.Release|x86.Build.0 = Release|Any CPU
		{F68F78A4-2FAF-4EB1-8B67-FDF86CB7B59A}.Debug|Any CPU.ActiveCfg = Debug|Any CPU
		{F68F78A4-2FAF-4EB1-8B67-FDF86CB7B59A}.Debug|Any CPU.Build.0 = Debug|Any CPU
		{F68F78A4-2FAF-4EB1-8B67-FDF86CB7B59A}.Debug|ARM64.ActiveCfg = Debug|Any CPU
		{F68F78A4-2FAF-4EB1-8B67-FDF86CB7B59A}.Debug|ARM64.Build.0 = Debug|Any CPU
		{F68F78A4-2FAF-4EB1-8B67-FDF86CB7B59A}.Debug|x64.ActiveCfg = Debug|Any CPU
		{F68F78A4-2FAF-4EB1-8B67-FDF86CB7B59A}.Debug|x64.Build.0 = Debug|Any CPU
		{F68F78A4-2FAF-4EB1-8B67-FDF86CB7B59A}.Debug|x86.ActiveCfg = Debug|Any CPU
		{F68F78A4-2FAF-4EB1-8B67-FDF86CB7B59A}.Debug|x86.Build.0 = Debug|Any CPU
		{F68F78A4-2FAF-4EB1-8B67-FDF86CB7B59A}.Release|Any CPU.ActiveCfg = Release|Any CPU
		{F68F78A4-2FAF-4EB1-8B67-FDF86CB7B59A}.Release|Any CPU.Build.0 = Release|Any CPU
		{F68F78A4-2FAF-4EB1-8B67-FDF86CB7B59A}.Release|ARM64.ActiveCfg = Release|Any CPU
		{F68F78A4-2FAF-4EB1-8B67-FDF86CB7B59A}.Release|ARM64.Build.0 = Release|Any CPU
		{F68F78A4-2FAF-4EB1-8B67-FDF86CB7B59A}.Release|x64.ActiveCfg = Release|Any CPU
		{F68F78A4-2FAF-4EB1-8B67-FDF86CB7B59A}.Release|x64.Build.0 = Release|Any CPU
		{F68F78A4-2FAF-4EB1-8B67-FDF86CB7B59A}.Release|x86.ActiveCfg = Release|Any CPU
		{F68F78A4-2FAF-4EB1-8B67-FDF86CB7B59A}.Release|x86.Build.0 = Release|Any CPU
		{2F85908F-6390-479B-88B7-2FAD244091DB}.Debug|Any CPU.ActiveCfg = Debug|Any CPU
		{2F85908F-6390-479B-88B7-2FAD244091DB}.Debug|Any CPU.Build.0 = Debug|Any CPU
		{2F85908F-6390-479B-88B7-2FAD244091DB}.Debug|ARM64.ActiveCfg = Debug|ARM64
		{2F85908F-6390-479B-88B7-2FAD244091DB}.Debug|ARM64.Build.0 = Debug|ARM64
		{2F85908F-6390-479B-88B7-2FAD244091DB}.Debug|x64.ActiveCfg = Debug|x64
		{2F85908F-6390-479B-88B7-2FAD244091DB}.Debug|x64.Build.0 = Debug|x64
		{2F85908F-6390-479B-88B7-2FAD244091DB}.Debug|x86.ActiveCfg = Debug|x86
		{2F85908F-6390-479B-88B7-2FAD244091DB}.Debug|x86.Build.0 = Debug|x86
		{2F85908F-6390-479B-88B7-2FAD244091DB}.Release|Any CPU.ActiveCfg = Release|Any CPU
		{2F85908F-6390-479B-88B7-2FAD244091DB}.Release|Any CPU.Build.0 = Release|Any CPU
		{2F85908F-6390-479B-88B7-2FAD244091DB}.Release|ARM64.ActiveCfg = Release|ARM64
		{2F85908F-6390-479B-88B7-2FAD244091DB}.Release|ARM64.Build.0 = Release|ARM64
		{2F85908F-6390-479B-88B7-2FAD244091DB}.Release|x64.ActiveCfg = Release|x64
		{2F85908F-6390-479B-88B7-2FAD244091DB}.Release|x64.Build.0 = Release|x64
		{2F85908F-6390-479B-88B7-2FAD244091DB}.Release|x86.ActiveCfg = Release|x86
		{2F85908F-6390-479B-88B7-2FAD244091DB}.Release|x86.Build.0 = Release|x86
		{B2911E84-F01B-41A3-B92B-491AA8B7BE78}.Debug|Any CPU.ActiveCfg = Debug|Any CPU
		{B2911E84-F01B-41A3-B92B-491AA8B7BE78}.Debug|Any CPU.Build.0 = Debug|Any CPU
		{B2911E84-F01B-41A3-B92B-491AA8B7BE78}.Debug|ARM64.ActiveCfg = Debug|ARM64
		{B2911E84-F01B-41A3-B92B-491AA8B7BE78}.Debug|ARM64.Build.0 = Debug|ARM64
		{B2911E84-F01B-41A3-B92B-491AA8B7BE78}.Debug|x64.ActiveCfg = Debug|x64
		{B2911E84-F01B-41A3-B92B-491AA8B7BE78}.Debug|x64.Build.0 = Debug|x64
		{B2911E84-F01B-41A3-B92B-491AA8B7BE78}.Debug|x86.ActiveCfg = Debug|x86
		{B2911E84-F01B-41A3-B92B-491AA8B7BE78}.Debug|x86.Build.0 = Debug|x86
		{B2911E84-F01B-41A3-B92B-491AA8B7BE78}.Release|Any CPU.ActiveCfg = Release|Any CPU
		{B2911E84-F01B-41A3-B92B-491AA8B7BE78}.Release|Any CPU.Build.0 = Release|Any CPU
		{B2911E84-F01B-41A3-B92B-491AA8B7BE78}.Release|ARM64.ActiveCfg = Release|ARM64
		{B2911E84-F01B-41A3-B92B-491AA8B7BE78}.Release|ARM64.Build.0 = Release|ARM64
		{B2911E84-F01B-41A3-B92B-491AA8B7BE78}.Release|x64.ActiveCfg = Release|x64
		{B2911E84-F01B-41A3-B92B-491AA8B7BE78}.Release|x64.Build.0 = Release|x64
		{B2911E84-F01B-41A3-B92B-491AA8B7BE78}.Release|x86.ActiveCfg = Release|x86
		{B2911E84-F01B-41A3-B92B-491AA8B7BE78}.Release|x86.Build.0 = Release|x86
		{22011896-0652-4D71-BEDA-3EC200D4ED8B}.Debug|Any CPU.ActiveCfg = Debug|Any CPU
		{22011896-0652-4D71-BEDA-3EC200D4ED8B}.Debug|Any CPU.Build.0 = Debug|Any CPU
		{22011896-0652-4D71-BEDA-3EC200D4ED8B}.Debug|ARM64.ActiveCfg = Debug|ARM64
		{22011896-0652-4D71-BEDA-3EC200D4ED8B}.Debug|ARM64.Build.0 = Debug|ARM64
		{22011896-0652-4D71-BEDA-3EC200D4ED8B}.Debug|x64.ActiveCfg = Debug|x64
		{22011896-0652-4D71-BEDA-3EC200D4ED8B}.Debug|x64.Build.0 = Debug|x64
		{22011896-0652-4D71-BEDA-3EC200D4ED8B}.Debug|x86.ActiveCfg = Debug|x86
		{22011896-0652-4D71-BEDA-3EC200D4ED8B}.Debug|x86.Build.0 = Debug|x86
		{22011896-0652-4D71-BEDA-3EC200D4ED8B}.Release|Any CPU.ActiveCfg = Release|Any CPU
		{22011896-0652-4D71-BEDA-3EC200D4ED8B}.Release|Any CPU.Build.0 = Release|Any CPU
		{22011896-0652-4D71-BEDA-3EC200D4ED8B}.Release|ARM64.ActiveCfg = Release|ARM64
		{22011896-0652-4D71-BEDA-3EC200D4ED8B}.Release|ARM64.Build.0 = Release|ARM64
		{22011896-0652-4D71-BEDA-3EC200D4ED8B}.Release|x64.ActiveCfg = Release|x64
		{22011896-0652-4D71-BEDA-3EC200D4ED8B}.Release|x64.Build.0 = Release|x64
		{22011896-0652-4D71-BEDA-3EC200D4ED8B}.Release|x86.ActiveCfg = Release|x86
		{22011896-0652-4D71-BEDA-3EC200D4ED8B}.Release|x86.Build.0 = Release|x86
		{2F2FD603-7A1E-498F-896B-06B1C6CD4556}.Debug|Any CPU.ActiveCfg = Debug|Any CPU
		{2F2FD603-7A1E-498F-896B-06B1C6CD4556}.Debug|Any CPU.Build.0 = Debug|Any CPU
		{2F2FD603-7A1E-498F-896B-06B1C6CD4556}.Debug|ARM64.ActiveCfg = Debug|Any CPU
		{2F2FD603-7A1E-498F-896B-06B1C6CD4556}.Debug|ARM64.Build.0 = Debug|Any CPU
		{2F2FD603-7A1E-498F-896B-06B1C6CD4556}.Debug|x64.ActiveCfg = Debug|Any CPU
		{2F2FD603-7A1E-498F-896B-06B1C6CD4556}.Debug|x64.Build.0 = Debug|Any CPU
		{2F2FD603-7A1E-498F-896B-06B1C6CD4556}.Debug|x86.ActiveCfg = Debug|Any CPU
		{2F2FD603-7A1E-498F-896B-06B1C6CD4556}.Debug|x86.Build.0 = Debug|Any CPU
		{2F2FD603-7A1E-498F-896B-06B1C6CD4556}.Release|Any CPU.ActiveCfg = Release|Any CPU
		{2F2FD603-7A1E-498F-896B-06B1C6CD4556}.Release|Any CPU.Build.0 = Release|Any CPU
		{2F2FD603-7A1E-498F-896B-06B1C6CD4556}.Release|ARM64.ActiveCfg = Release|Any CPU
		{2F2FD603-7A1E-498F-896B-06B1C6CD4556}.Release|ARM64.Build.0 = Release|Any CPU
		{2F2FD603-7A1E-498F-896B-06B1C6CD4556}.Release|x64.ActiveCfg = Release|Any CPU
		{2F2FD603-7A1E-498F-896B-06B1C6CD4556}.Release|x64.Build.0 = Release|Any CPU
		{2F2FD603-7A1E-498F-896B-06B1C6CD4556}.Release|x86.ActiveCfg = Release|Any CPU
		{2F2FD603-7A1E-498F-896B-06B1C6CD4556}.Release|x86.Build.0 = Release|Any CPU
		{B7E4127D-30FE-4284-9B15-E74B7D09390B}.Debug|Any CPU.ActiveCfg = Debug|Any CPU
		{B7E4127D-30FE-4284-9B15-E74B7D09390B}.Debug|Any CPU.Build.0 = Debug|Any CPU
		{B7E4127D-30FE-4284-9B15-E74B7D09390B}.Debug|ARM64.ActiveCfg = Debug|ARM64
		{B7E4127D-30FE-4284-9B15-E74B7D09390B}.Debug|ARM64.Build.0 = Debug|ARM64
		{B7E4127D-30FE-4284-9B15-E74B7D09390B}.Debug|x64.ActiveCfg = Debug|x64
		{B7E4127D-30FE-4284-9B15-E74B7D09390B}.Debug|x64.Build.0 = Debug|x64
		{B7E4127D-30FE-4284-9B15-E74B7D09390B}.Debug|x86.ActiveCfg = Debug|x86
		{B7E4127D-30FE-4284-9B15-E74B7D09390B}.Debug|x86.Build.0 = Debug|x86
		{B7E4127D-30FE-4284-9B15-E74B7D09390B}.Release|Any CPU.ActiveCfg = Release|Any CPU
		{B7E4127D-30FE-4284-9B15-E74B7D09390B}.Release|Any CPU.Build.0 = Release|Any CPU
		{B7E4127D-30FE-4284-9B15-E74B7D09390B}.Release|ARM64.ActiveCfg = Release|ARM64
		{B7E4127D-30FE-4284-9B15-E74B7D09390B}.Release|ARM64.Build.0 = Release|ARM64
		{B7E4127D-30FE-4284-9B15-E74B7D09390B}.Release|x64.ActiveCfg = Release|x64
		{B7E4127D-30FE-4284-9B15-E74B7D09390B}.Release|x64.Build.0 = Release|x64
		{B7E4127D-30FE-4284-9B15-E74B7D09390B}.Release|x86.ActiveCfg = Release|x86
		{B7E4127D-30FE-4284-9B15-E74B7D09390B}.Release|x86.Build.0 = Release|x86
		{340F2EDD-E01F-4B7C-B0A1-5A4BEF814534}.Debug|Any CPU.ActiveCfg = Debug|Any CPU
		{340F2EDD-E01F-4B7C-B0A1-5A4BEF814534}.Debug|Any CPU.Build.0 = Debug|Any CPU
		{340F2EDD-E01F-4B7C-B0A1-5A4BEF814534}.Debug|ARM64.ActiveCfg = Debug|Any CPU
		{340F2EDD-E01F-4B7C-B0A1-5A4BEF814534}.Debug|ARM64.Build.0 = Debug|Any CPU
		{340F2EDD-E01F-4B7C-B0A1-5A4BEF814534}.Debug|x64.ActiveCfg = Debug|Any CPU
		{340F2EDD-E01F-4B7C-B0A1-5A4BEF814534}.Debug|x64.Build.0 = Debug|Any CPU
		{340F2EDD-E01F-4B7C-B0A1-5A4BEF814534}.Debug|x86.ActiveCfg = Debug|Any CPU
		{340F2EDD-E01F-4B7C-B0A1-5A4BEF814534}.Debug|x86.Build.0 = Debug|Any CPU
		{340F2EDD-E01F-4B7C-B0A1-5A4BEF814534}.Release|Any CPU.ActiveCfg = Release|Any CPU
		{340F2EDD-E01F-4B7C-B0A1-5A4BEF814534}.Release|Any CPU.Build.0 = Release|Any CPU
		{340F2EDD-E01F-4B7C-B0A1-5A4BEF814534}.Release|ARM64.ActiveCfg = Release|Any CPU
		{340F2EDD-E01F-4B7C-B0A1-5A4BEF814534}.Release|ARM64.Build.0 = Release|Any CPU
		{340F2EDD-E01F-4B7C-B0A1-5A4BEF814534}.Release|x64.ActiveCfg = Release|Any CPU
		{340F2EDD-E01F-4B7C-B0A1-5A4BEF814534}.Release|x64.Build.0 = Release|Any CPU
		{340F2EDD-E01F-4B7C-B0A1-5A4BEF814534}.Release|x86.ActiveCfg = Release|Any CPU
		{340F2EDD-E01F-4B7C-B0A1-5A4BEF814534}.Release|x86.Build.0 = Release|Any CPU
		{0E65C7D5-CCEA-43F6-8FCD-7BA4582353BF}.Debug|Any CPU.ActiveCfg = Debug|Any CPU
		{0E65C7D5-CCEA-43F6-8FCD-7BA4582353BF}.Debug|Any CPU.Build.0 = Debug|Any CPU
		{0E65C7D5-CCEA-43F6-8FCD-7BA4582353BF}.Debug|ARM64.ActiveCfg = Debug|Any CPU
		{0E65C7D5-CCEA-43F6-8FCD-7BA4582353BF}.Debug|ARM64.Build.0 = Debug|Any CPU
		{0E65C7D5-CCEA-43F6-8FCD-7BA4582353BF}.Debug|x64.ActiveCfg = Debug|Any CPU
		{0E65C7D5-CCEA-43F6-8FCD-7BA4582353BF}.Debug|x64.Build.0 = Debug|Any CPU
		{0E65C7D5-CCEA-43F6-8FCD-7BA4582353BF}.Debug|x86.ActiveCfg = Debug|Any CPU
		{0E65C7D5-CCEA-43F6-8FCD-7BA4582353BF}.Debug|x86.Build.0 = Debug|Any CPU
		{0E65C7D5-CCEA-43F6-8FCD-7BA4582353BF}.Release|Any CPU.ActiveCfg = Release|Any CPU
		{0E65C7D5-CCEA-43F6-8FCD-7BA4582353BF}.Release|Any CPU.Build.0 = Release|Any CPU
		{0E65C7D5-CCEA-43F6-8FCD-7BA4582353BF}.Release|ARM64.ActiveCfg = Release|Any CPU
		{0E65C7D5-CCEA-43F6-8FCD-7BA4582353BF}.Release|ARM64.Build.0 = Release|Any CPU
		{0E65C7D5-CCEA-43F6-8FCD-7BA4582353BF}.Release|x64.ActiveCfg = Release|Any CPU
		{0E65C7D5-CCEA-43F6-8FCD-7BA4582353BF}.Release|x64.Build.0 = Release|Any CPU
		{0E65C7D5-CCEA-43F6-8FCD-7BA4582353BF}.Release|x86.ActiveCfg = Release|Any CPU
		{0E65C7D5-CCEA-43F6-8FCD-7BA4582353BF}.Release|x86.Build.0 = Release|Any CPU
		{11190493-676A-4ACC-BB29-99800FE8AC8F}.Debug|Any CPU.ActiveCfg = Debug|Any CPU
		{11190493-676A-4ACC-BB29-99800FE8AC8F}.Debug|Any CPU.Build.0 = Debug|Any CPU
		{11190493-676A-4ACC-BB29-99800FE8AC8F}.Debug|ARM64.ActiveCfg = Debug|Any CPU
		{11190493-676A-4ACC-BB29-99800FE8AC8F}.Debug|ARM64.Build.0 = Debug|Any CPU
		{11190493-676A-4ACC-BB29-99800FE8AC8F}.Debug|x64.ActiveCfg = Debug|Any CPU
		{11190493-676A-4ACC-BB29-99800FE8AC8F}.Debug|x64.Build.0 = Debug|Any CPU
		{11190493-676A-4ACC-BB29-99800FE8AC8F}.Debug|x86.ActiveCfg = Debug|Any CPU
		{11190493-676A-4ACC-BB29-99800FE8AC8F}.Debug|x86.Build.0 = Debug|Any CPU
		{11190493-676A-4ACC-BB29-99800FE8AC8F}.Release|Any CPU.ActiveCfg = Release|Any CPU
		{11190493-676A-4ACC-BB29-99800FE8AC8F}.Release|Any CPU.Build.0 = Release|Any CPU
		{11190493-676A-4ACC-BB29-99800FE8AC8F}.Release|ARM64.ActiveCfg = Release|Any CPU
		{11190493-676A-4ACC-BB29-99800FE8AC8F}.Release|ARM64.Build.0 = Release|Any CPU
		{11190493-676A-4ACC-BB29-99800FE8AC8F}.Release|x64.ActiveCfg = Release|Any CPU
		{11190493-676A-4ACC-BB29-99800FE8AC8F}.Release|x64.Build.0 = Release|Any CPU
		{11190493-676A-4ACC-BB29-99800FE8AC8F}.Release|x86.ActiveCfg = Release|Any CPU
		{11190493-676A-4ACC-BB29-99800FE8AC8F}.Release|x86.Build.0 = Release|Any CPU
		{639D133B-619B-4E21-9A56-42F742C1363B}.Debug|Any CPU.ActiveCfg = Debug|Any CPU
		{639D133B-619B-4E21-9A56-42F742C1363B}.Debug|Any CPU.Build.0 = Debug|Any CPU
		{639D133B-619B-4E21-9A56-42F742C1363B}.Debug|ARM64.ActiveCfg = Debug|ARM64
		{639D133B-619B-4E21-9A56-42F742C1363B}.Debug|ARM64.Build.0 = Debug|ARM64
		{639D133B-619B-4E21-9A56-42F742C1363B}.Debug|x64.ActiveCfg = Debug|x64
		{639D133B-619B-4E21-9A56-42F742C1363B}.Debug|x64.Build.0 = Debug|x64
		{639D133B-619B-4E21-9A56-42F742C1363B}.Debug|x86.ActiveCfg = Debug|x86
		{639D133B-619B-4E21-9A56-42F742C1363B}.Debug|x86.Build.0 = Debug|x86
		{639D133B-619B-4E21-9A56-42F742C1363B}.Release|Any CPU.ActiveCfg = Release|Any CPU
		{639D133B-619B-4E21-9A56-42F742C1363B}.Release|Any CPU.Build.0 = Release|Any CPU
		{639D133B-619B-4E21-9A56-42F742C1363B}.Release|ARM64.ActiveCfg = Release|ARM64
		{639D133B-619B-4E21-9A56-42F742C1363B}.Release|ARM64.Build.0 = Release|ARM64
		{639D133B-619B-4E21-9A56-42F742C1363B}.Release|x64.ActiveCfg = Release|x64
		{639D133B-619B-4E21-9A56-42F742C1363B}.Release|x64.Build.0 = Release|x64
		{639D133B-619B-4E21-9A56-42F742C1363B}.Release|x86.ActiveCfg = Release|x86
		{639D133B-619B-4E21-9A56-42F742C1363B}.Release|x86.Build.0 = Release|x86
		{319CBE9B-87D8-4633-AAF9-A40A5CD34555}.Debug|Any CPU.ActiveCfg = Debug|Any CPU
		{319CBE9B-87D8-4633-AAF9-A40A5CD34555}.Debug|Any CPU.Build.0 = Debug|Any CPU
		{319CBE9B-87D8-4633-AAF9-A40A5CD34555}.Debug|ARM64.ActiveCfg = Debug|Any CPU
		{319CBE9B-87D8-4633-AAF9-A40A5CD34555}.Debug|ARM64.Build.0 = Debug|Any CPU
		{319CBE9B-87D8-4633-AAF9-A40A5CD34555}.Debug|x64.ActiveCfg = Debug|Any CPU
		{319CBE9B-87D8-4633-AAF9-A40A5CD34555}.Debug|x64.Build.0 = Debug|Any CPU
		{319CBE9B-87D8-4633-AAF9-A40A5CD34555}.Debug|x86.ActiveCfg = Debug|Any CPU
		{319CBE9B-87D8-4633-AAF9-A40A5CD34555}.Debug|x86.Build.0 = Debug|Any CPU
		{319CBE9B-87D8-4633-AAF9-A40A5CD34555}.Release|Any CPU.ActiveCfg = Release|Any CPU
		{319CBE9B-87D8-4633-AAF9-A40A5CD34555}.Release|Any CPU.Build.0 = Release|Any CPU
		{319CBE9B-87D8-4633-AAF9-A40A5CD34555}.Release|ARM64.ActiveCfg = Release|ARM64
		{319CBE9B-87D8-4633-AAF9-A40A5CD34555}.Release|ARM64.Build.0 = Release|ARM64
		{319CBE9B-87D8-4633-AAF9-A40A5CD34555}.Release|x64.ActiveCfg = Release|x64
		{319CBE9B-87D8-4633-AAF9-A40A5CD34555}.Release|x64.Build.0 = Release|x64
		{319CBE9B-87D8-4633-AAF9-A40A5CD34555}.Release|x86.ActiveCfg = Release|x86
		{319CBE9B-87D8-4633-AAF9-A40A5CD34555}.Release|x86.Build.0 = Release|x86
		{DCEF99BB-8AD2-4858-8544-85BFDBDF3027}.Debug|Any CPU.ActiveCfg = Debug|Any CPU
		{DCEF99BB-8AD2-4858-8544-85BFDBDF3027}.Debug|Any CPU.Build.0 = Debug|Any CPU
		{DCEF99BB-8AD2-4858-8544-85BFDBDF3027}.Debug|ARM64.ActiveCfg = Debug|Any CPU
		{DCEF99BB-8AD2-4858-8544-85BFDBDF3027}.Debug|ARM64.Build.0 = Debug|Any CPU
		{DCEF99BB-8AD2-4858-8544-85BFDBDF3027}.Debug|x64.ActiveCfg = Debug|Any CPU
		{DCEF99BB-8AD2-4858-8544-85BFDBDF3027}.Debug|x64.Build.0 = Debug|Any CPU
		{DCEF99BB-8AD2-4858-8544-85BFDBDF3027}.Debug|x86.ActiveCfg = Debug|Any CPU
		{DCEF99BB-8AD2-4858-8544-85BFDBDF3027}.Debug|x86.Build.0 = Debug|Any CPU
		{DCEF99BB-8AD2-4858-8544-85BFDBDF3027}.Release|Any CPU.ActiveCfg = Release|Any CPU
		{DCEF99BB-8AD2-4858-8544-85BFDBDF3027}.Release|Any CPU.Build.0 = Release|Any CPU
		{DCEF99BB-8AD2-4858-8544-85BFDBDF3027}.Release|ARM64.ActiveCfg = Release|ARM64
		{DCEF99BB-8AD2-4858-8544-85BFDBDF3027}.Release|ARM64.Build.0 = Release|ARM64
		{DCEF99BB-8AD2-4858-8544-85BFDBDF3027}.Release|x64.ActiveCfg = Release|x64
		{DCEF99BB-8AD2-4858-8544-85BFDBDF3027}.Release|x64.Build.0 = Release|x64
		{DCEF99BB-8AD2-4858-8544-85BFDBDF3027}.Release|x86.ActiveCfg = Release|x86
		{DCEF99BB-8AD2-4858-8544-85BFDBDF3027}.Release|x86.Build.0 = Release|x86
		{D9F61FE5-A129-4CE4-8018-326EB958167A}.Debug|Any CPU.ActiveCfg = Debug|Any CPU
		{D9F61FE5-A129-4CE4-8018-326EB958167A}.Debug|Any CPU.Build.0 = Debug|Any CPU
		{D9F61FE5-A129-4CE4-8018-326EB958167A}.Debug|ARM64.ActiveCfg = Debug|Any CPU
		{D9F61FE5-A129-4CE4-8018-326EB958167A}.Debug|ARM64.Build.0 = Debug|Any CPU
		{D9F61FE5-A129-4CE4-8018-326EB958167A}.Debug|x64.ActiveCfg = Debug|Any CPU
		{D9F61FE5-A129-4CE4-8018-326EB958167A}.Debug|x64.Build.0 = Debug|Any CPU
		{D9F61FE5-A129-4CE4-8018-326EB958167A}.Debug|x86.ActiveCfg = Debug|Any CPU
		{D9F61FE5-A129-4CE4-8018-326EB958167A}.Debug|x86.Build.0 = Debug|Any CPU
		{D9F61FE5-A129-4CE4-8018-326EB958167A}.Release|Any CPU.ActiveCfg = Release|Any CPU
		{D9F61FE5-A129-4CE4-8018-326EB958167A}.Release|Any CPU.Build.0 = Release|Any CPU
		{D9F61FE5-A129-4CE4-8018-326EB958167A}.Release|ARM64.ActiveCfg = Release|ARM64
		{D9F61FE5-A129-4CE4-8018-326EB958167A}.Release|ARM64.Build.0 = Release|ARM64
		{D9F61FE5-A129-4CE4-8018-326EB958167A}.Release|x64.ActiveCfg = Release|x64
		{D9F61FE5-A129-4CE4-8018-326EB958167A}.Release|x64.Build.0 = Release|x64
		{D9F61FE5-A129-4CE4-8018-326EB958167A}.Release|x86.ActiveCfg = Release|x86
		{D9F61FE5-A129-4CE4-8018-326EB958167A}.Release|x86.Build.0 = Release|x86
	EndGlobalSection
	GlobalSection(SolutionProperties) = preSolution
		HideSolutionNode = FALSE
	EndGlobalSection
	GlobalSection(NestedProjects) = preSolution
		{5B4A4BA0-D823-4720-8C8C-10E5ECBB4474} = {232CD10B-4CA0-403C-B469-82A002F7C130}
		{4F076C1A-6D90-49A7-B8B9-8F5C6630A4DF} = {232CD10B-4CA0-403C-B469-82A002F7C130}
		{16D9CAB2-FDC3-4F64-941E-DC42860D8B43} = {A28DEA75-D2C7-41A1-AD6A-E56926F8A8A8}
		{C8793239-8C88-4F07-8B06-A2C0D15A67BC} = {1DD66D11-65BD-40CB-BF05-4E7951DDFED3}
		{576461E5-32D7-461C-9C70-11B9C5182E34} = {1DD66D11-65BD-40CB-BF05-4E7951DDFED3}
		{F68F78A4-2FAF-4EB1-8B67-FDF86CB7B59A} = {1DD66D11-65BD-40CB-BF05-4E7951DDFED3}
		{2F85908F-6390-479B-88B7-2FAD244091DB} = {04361DC9-3E9F-481A-9489-068DE8688332}
		{B2911E84-F01B-41A3-B92B-491AA8B7BE78} = {04361DC9-3E9F-481A-9489-068DE8688332}
		{C3F88A4A-B2FA-49BD-8FA8-D58ECCA09FF7} = {5B4A4BA0-D823-4720-8C8C-10E5ECBB4474}
		{9470698B-1D6A-4302-BE6D-F0D07FC69EA5} = {5B4A4BA0-D823-4720-8C8C-10E5ECBB4474}
		{EA173B89-9D19-4724-A6BC-F219FABBF302} = {5B4A4BA0-D823-4720-8C8C-10E5ECBB4474}
		{F0F66E64-F024-4916-9DA1-55F57C8780C4} = {4F076C1A-6D90-49A7-B8B9-8F5C6630A4DF}
		{4A57580B-4AE3-4A25-A887-766D1B3709C7} = {232CD10B-4CA0-403C-B469-82A002F7C130}
		{0C43A85B-788F-4E02-A7A4-5E020B8EB1CB} = {232CD10B-4CA0-403C-B469-82A002F7C130}
		{1FDCBC92-D904-4DA0-838C-13893CD373F8} = {232CD10B-4CA0-403C-B469-82A002F7C130}
		{9293996D-47C3-4275-ABD9-F0E812128CAA} = {232CD10B-4CA0-403C-B469-82A002F7C130}
		{3B13E30A-F789-484A-BC78-534EEC688625} = {232CD10B-4CA0-403C-B469-82A002F7C130}
		{BF2BFA28-F6CF-4075-9D3B-025A2F6EB967} = {232CD10B-4CA0-403C-B469-82A002F7C130}
		{FC456E42-E6B9-40E5-807B-8F75EF203AF4} = {232CD10B-4CA0-403C-B469-82A002F7C130}
		{22011896-0652-4D71-BEDA-3EC200D4ED8B} = {E9FDFBCD-9AC8-4C03-8E94-17B50D0AD090}
		{2F2FD603-7A1E-498F-896B-06B1C6CD4556} = {E9FDFBCD-9AC8-4C03-8E94-17B50D0AD090}
		{B7E4127D-30FE-4284-9B15-E74B7D09390B} = {E9FDFBCD-9AC8-4C03-8E94-17B50D0AD090}
		{340F2EDD-E01F-4B7C-B0A1-5A4BEF814534} = {E597A504-C449-4C3C-941E-F84DBA4A740C}
		{0E65C7D5-CCEA-43F6-8FCD-7BA4582353BF} = {E597A504-C449-4C3C-941E-F84DBA4A740C}
		{11190493-676A-4ACC-BB29-99800FE8AC8F} = {E597A504-C449-4C3C-941E-F84DBA4A740C}
		{639D133B-619B-4E21-9A56-42F742C1363B} = {02D54F9E-8518-40C9-B2CD-2A4F8CA339A3}
		{337FA919-25A4-4356-9C61-CD657675CB72} = {5B4A4BA0-D823-4720-8C8C-10E5ECBB4474}
		{319CBE9B-87D8-4633-AAF9-A40A5CD34555} = {04361DC9-3E9F-481A-9489-068DE8688332}
		{02C20F6F-926E-48BD-98E9-9325C607DA7A} = {5B4A4BA0-D823-4720-8C8C-10E5ECBB4474}
		{DCEF99BB-8AD2-4858-8544-85BFDBDF3027} = {04361DC9-3E9F-481A-9489-068DE8688332}
		{3B1EC692-D1BF-4016-BB68-3EE2FC60FA65} = {5B4A4BA0-D823-4720-8C8C-10E5ECBB4474}
		{D9F61FE5-A129-4CE4-8018-326EB958167A} = {04361DC9-3E9F-481A-9489-068DE8688332}
	EndGlobalSection
	GlobalSection(ExtensibilityGlobals) = postSolution
		SolutionGuid = {5DA4A105-4BC7-4943-9328-F7274E75FCB3}
	EndGlobalSection
	GlobalSection(SharedMSBuildProjectFiles) = preSolution
		Shared\Engine\Sucrose.Engine.VA\Sucrose.Engine.VA.projitems*{02c20f6f-926e-48bd-98e9-9325c607da7a}*SharedItemsImports = 13
		Shared\Sucrose.Dependency\Sucrose.Dependency.projitems*{0c43a85b-788f-4e02-a7a4-5e020b8eb1cb}*SharedItemsImports = 13
		Shared\Sucrose.Common\Sucrose.Common.projitems*{16d9cab2-fdc3-4f64-941e-dc42860d8b43}*SharedItemsImports = 5
		Shared\Sucrose.Dependency\Sucrose.Dependency.projitems*{16d9cab2-fdc3-4f64-941e-dc42860d8b43}*SharedItemsImports = 5
		Shared\Sucrose.Space\Sucrose.Space.projitems*{16d9cab2-fdc3-4f64-941e-dc42860d8b43}*SharedItemsImports = 5
		Shared\Sucrose.Watchdog\Sucrose.Watchdog.projitems*{16d9cab2-fdc3-4f64-941e-dc42860d8b43}*SharedItemsImports = 5
		Shared\Sucrose.Discord\Sucrose.Discord.projitems*{1fdcbc92-d904-4da0-838c-13893cd373f8}*SharedItemsImports = 13
		Shared\Sucrose.Dependency\Sucrose.Dependency.projitems*{22011896-0652-4d71-beda-3ec200d4ed8b}*SharedItemsImports = 5
		Shared\Sucrose.Space\Sucrose.Space.projitems*{22011896-0652-4d71-beda-3ec200d4ed8b}*SharedItemsImports = 5
		Shared\Sucrose.Watchdog\Sucrose.Watchdog.projitems*{22011896-0652-4d71-beda-3ec200d4ed8b}*SharedItemsImports = 5
		Shared\Engine\Sucrose.Engine.CS\Sucrose.Engine.CS.projitems*{2f85908f-6390-479b-88b7-2fad244091db}*SharedItemsImports = 5
		Shared\Engine\Sucrose.Engine.Shared\Sucrose.Engine.Shared.projitems*{2f85908f-6390-479b-88b7-2fad244091db}*SharedItemsImports = 5
		Shared\Sucrose.Common\Sucrose.Common.projitems*{2f85908f-6390-479b-88b7-2fad244091db}*SharedItemsImports = 5
		Shared\Sucrose.Dependency\Sucrose.Dependency.projitems*{2f85908f-6390-479b-88b7-2fad244091db}*SharedItemsImports = 5
		Shared\Sucrose.Space\Sucrose.Space.projitems*{2f85908f-6390-479b-88b7-2fad244091db}*SharedItemsImports = 5
		Shared\Sucrose.Watchdog\Sucrose.Watchdog.projitems*{2f85908f-6390-479b-88b7-2fad244091db}*SharedItemsImports = 5
		Shared\Theme\Sucrose.Theme.Shared\Sucrose.Theme.Shared.projitems*{2f85908f-6390-479b-88b7-2fad244091db}*SharedItemsImports = 5
		Shared\Engine\Sucrose.Engine.NA\Sucrose.Engine.NA.projitems*{319cbe9b-87d8-4633-aaf9-a40a5cd34555}*SharedItemsImports = 5
		Shared\Engine\Sucrose.Engine.Shared\Sucrose.Engine.Shared.projitems*{319cbe9b-87d8-4633-aaf9-a40a5cd34555}*SharedItemsImports = 5
		Shared\Sucrose.Common\Sucrose.Common.projitems*{319cbe9b-87d8-4633-aaf9-a40a5cd34555}*SharedItemsImports = 5
		Shared\Sucrose.Dependency\Sucrose.Dependency.projitems*{319cbe9b-87d8-4633-aaf9-a40a5cd34555}*SharedItemsImports = 5
		Shared\Sucrose.Space\Sucrose.Space.projitems*{319cbe9b-87d8-4633-aaf9-a40a5cd34555}*SharedItemsImports = 5
		Shared\Sucrose.Watchdog\Sucrose.Watchdog.projitems*{319cbe9b-87d8-4633-aaf9-a40a5cd34555}*SharedItemsImports = 5
		Shared\Theme\Sucrose.Theme.Shared\Sucrose.Theme.Shared.projitems*{319cbe9b-87d8-4633-aaf9-a40a5cd34555}*SharedItemsImports = 5
		Shared\Engine\Sucrose.Engine.NA\Sucrose.Engine.NA.projitems*{337fa919-25a4-4356-9c61-cd657675cb72}*SharedItemsImports = 13
		Shared\Sucrose.Space\Sucrose.Space.projitems*{3b13e30a-f789-484a-bc78-534eec688625}*SharedItemsImports = 13
		Shared\Engine\Sucrose.Engine.AA\Sucrose.Engine.AA.projitems*{3b1ec692-d1bf-4016-bb68-3ee2fc60fa65}*SharedItemsImports = 13
		Shared\Sucrose.Common\Sucrose.Common.projitems*{4a57580b-4ae3-4a25-a887-766d1b3709c7}*SharedItemsImports = 13
		Shared\Sucrose.Common\Sucrose.Common.projitems*{639d133b-619b-4e21-9a56-42f742c1363b}*SharedItemsImports = 5
		Shared\Sucrose.Dependency\Sucrose.Dependency.projitems*{639d133b-619b-4e21-9a56-42f742c1363b}*SharedItemsImports = 5
		Shared\Sucrose.Discord\Sucrose.Discord.projitems*{639d133b-619b-4e21-9a56-42f742c1363b}*SharedItemsImports = 5
		Shared\Sucrose.Space\Sucrose.Space.projitems*{639d133b-619b-4e21-9a56-42f742c1363b}*SharedItemsImports = 5
		Shared\Sucrose.Tray\Sucrose.Tray.projitems*{639d133b-619b-4e21-9a56-42f742c1363b}*SharedItemsImports = 5
		Shared\Sucrose.Watchdog\Sucrose.Watchdog.projitems*{639d133b-619b-4e21-9a56-42f742c1363b}*SharedItemsImports = 5
		Shared\Theme\Sucrose.Theme.Shared\Sucrose.Theme.Shared.projitems*{639d133b-619b-4e21-9a56-42f742c1363b}*SharedItemsImports = 5
		Shared\Sucrose.Resources\Sucrose.Resources.projitems*{9293996d-47c3-4275-abd9-f0e812128caa}*SharedItemsImports = 13
		Shared\Engine\Sucrose.Engine.Shared\Sucrose.Engine.Shared.projitems*{9470698b-1d6a-4302-be6d-f0d07fc69ea5}*SharedItemsImports = 13
		Shared\Engine\Sucrose.Engine.Shared\Sucrose.Engine.Shared.projitems*{b2911e84-f01b-41a3-b92b-491aa8b7be78}*SharedItemsImports = 5
		Shared\Engine\Sucrose.Engine.WV\Sucrose.Engine.WV.projitems*{b2911e84-f01b-41a3-b92b-491aa8b7be78}*SharedItemsImports = 5
		Shared\Sucrose.Common\Sucrose.Common.projitems*{b2911e84-f01b-41a3-b92b-491aa8b7be78}*SharedItemsImports = 5
		Shared\Sucrose.Dependency\Sucrose.Dependency.projitems*{b2911e84-f01b-41a3-b92b-491aa8b7be78}*SharedItemsImports = 5
		Shared\Sucrose.Space\Sucrose.Space.projitems*{b2911e84-f01b-41a3-b92b-491aa8b7be78}*SharedItemsImports = 5
		Shared\Sucrose.Watchdog\Sucrose.Watchdog.projitems*{b2911e84-f01b-41a3-b92b-491aa8b7be78}*SharedItemsImports = 5
		Shared\Theme\Sucrose.Theme.Shared\Sucrose.Theme.Shared.projitems*{b2911e84-f01b-41a3-b92b-491aa8b7be78}*SharedItemsImports = 5
		Shared\Sucrose.Common\Sucrose.Common.projitems*{b7e4127d-30fe-4284-9b15-e74b7d09390b}*SharedItemsImports = 5
		Shared\Sucrose.Dependency\Sucrose.Dependency.projitems*{b7e4127d-30fe-4284-9b15-e74b7d09390b}*SharedItemsImports = 5
		Shared\Sucrose.Space\Sucrose.Space.projitems*{b7e4127d-30fe-4284-9b15-e74b7d09390b}*SharedItemsImports = 5
		Shared\Sucrose.Watchdog\Sucrose.Watchdog.projitems*{b7e4127d-30fe-4284-9b15-e74b7d09390b}*SharedItemsImports = 5
		Shared\Sucrose.Tray\Sucrose.Tray.projitems*{bf2bfa28-f6cf-4075-9d3b-025a2f6eb967}*SharedItemsImports = 13
		Shared\Engine\Sucrose.Engine.CS\Sucrose.Engine.CS.projitems*{c3f88a4a-b2fa-49bd-8fa8-d58ecca09ff7}*SharedItemsImports = 13
		Shared\Engine\Sucrose.Engine.AA\Sucrose.Engine.AA.projitems*{d9f61fe5-a129-4ce4-8018-326eb958167a}*SharedItemsImports = 5
		Shared\Engine\Sucrose.Engine.Shared\Sucrose.Engine.Shared.projitems*{d9f61fe5-a129-4ce4-8018-326eb958167a}*SharedItemsImports = 5
		Shared\Sucrose.Common\Sucrose.Common.projitems*{d9f61fe5-a129-4ce4-8018-326eb958167a}*SharedItemsImports = 5
		Shared\Sucrose.Dependency\Sucrose.Dependency.projitems*{d9f61fe5-a129-4ce4-8018-326eb958167a}*SharedItemsImports = 5
		Shared\Sucrose.Space\Sucrose.Space.projitems*{d9f61fe5-a129-4ce4-8018-326eb958167a}*SharedItemsImports = 5
		Shared\Sucrose.Watchdog\Sucrose.Watchdog.projitems*{d9f61fe5-a129-4ce4-8018-326eb958167a}*SharedItemsImports = 5
		Shared\Theme\Sucrose.Theme.Shared\Sucrose.Theme.Shared.projitems*{d9f61fe5-a129-4ce4-8018-326eb958167a}*SharedItemsImports = 5
		Shared\Engine\Sucrose.Engine.Shared\Sucrose.Engine.Shared.projitems*{dcef99bb-8ad2-4858-8544-85bfdbdf3027}*SharedItemsImports = 5
		Shared\Engine\Sucrose.Engine.VA\Sucrose.Engine.VA.projitems*{dcef99bb-8ad2-4858-8544-85bfdbdf3027}*SharedItemsImports = 5
		Shared\Sucrose.Common\Sucrose.Common.projitems*{dcef99bb-8ad2-4858-8544-85bfdbdf3027}*SharedItemsImports = 5
		Shared\Sucrose.Dependency\Sucrose.Dependency.projitems*{dcef99bb-8ad2-4858-8544-85bfdbdf3027}*SharedItemsImports = 5
		Shared\Sucrose.Space\Sucrose.Space.projitems*{dcef99bb-8ad2-4858-8544-85bfdbdf3027}*SharedItemsImports = 5
		Shared\Sucrose.Watchdog\Sucrose.Watchdog.projitems*{dcef99bb-8ad2-4858-8544-85bfdbdf3027}*SharedItemsImports = 5
		Shared\Theme\Sucrose.Theme.Shared\Sucrose.Theme.Shared.projitems*{dcef99bb-8ad2-4858-8544-85bfdbdf3027}*SharedItemsImports = 5
		Shared\Engine\Sucrose.Engine.WV\Sucrose.Engine.WV.projitems*{ea173b89-9d19-4724-a6bc-f219fabbf302}*SharedItemsImports = 13
		Shared\Theme\Sucrose.Theme.Shared\Sucrose.Theme.Shared.projitems*{f0f66e64-f024-4916-9da1-55f57c8780c4}*SharedItemsImports = 13
		Shared\Sucrose.Watchdog\Sucrose.Watchdog.projitems*{fc456e42-e6b9-40e5-807b-8f75ef203af4}*SharedItemsImports = 13
	EndGlobalSection
EndGlobal
